{
	"name": "lsif-tsc",
	"version": "0.6.0-next.21",
	"lockfileVersion": 2,
	"requires": true,
	"packages": {
		"": {
			"name": "lsif-tsc",
			"version": "0.6.0-next.21",
			"license": "MIT",
			"dependencies": {
				"latest-version": "^9.0.0",
				"lsif-protocol": "0.6.0-next.7",
				"typescript": "https://github.com/dbaeumer/TypeScript/releases/download/4.8.4-lsif.1/lsif-typescript-4.8.4-lsif.1.tgz",
				"uuid": "^10.0.0",
				"vscode-uri": "^3.0.8",
				"yargs": "^17.7.2"
			},
			"bin": {
				"lsif-tsc": "bin/lsif-tsc"
			},
			"devDependencies": {
				"@types/uuid": "^10.0.0"
			}
		},
		"node_modules/@pnpm/config.env-replace": {
			"version": "1.1.0",
			"resolved": "https://registry.npmjs.org/@pnpm/config.env-replace/-/config.env-replace-1.1.0.tgz",
			"integrity": "sha512-htyl8TWnKL7K/ESFa1oW2UB5lVDxuF5DpM7tBi6Hu2LNL3mWkIzNLG6N4zoCUP1lCKNxWy/3iu8mS8MvToGd6w==",
			"license": "MIT",
			"engines": {
				"node": ">=12.22.0"
			}
		},
		"node_modules/@pnpm/network.ca-file": {
			"version": "1.0.2",
			"resolved": "https://registry.npmjs.org/@pnpm/network.ca-file/-/network.ca-file-1.0.2.tgz",
			"integrity": "sha512-YcPQ8a0jwYU9bTdJDpXjMi7Brhkr1mXsXrUJvjqM2mQDgkRiz8jFaQGOdaLxgjtUfQgZhKy/O3cG/YwmgKaxLA==",
			"license": "MIT",
			"dependencies": {
				"graceful-fs": "4.2.10"
			},
			"engines": {
				"node": ">=12.22.0"
			}
		},
		"node_modules/@pnpm/npm-conf": {
			"version": "2.2.2",
			"resolved": "https://registry.npmjs.org/@pnpm/npm-conf/-/npm-conf-2.2.2.tgz",
			"integrity": "sha512-UA91GwWPhFExt3IizW6bOeY/pQ0BkuNwKjk9iQW9KqxluGCrg4VenZ0/L+2Y0+ZOtme72EVvg6v0zo3AMQRCeA==",
			"license": "MIT",
			"dependencies": {
				"@pnpm/config.env-replace": "^1.1.0",
				"@pnpm/network.ca-file": "^1.0.1",
				"config-chain": "^1.1.11"
			},
			"engines": {
				"node": ">=12"
			}
		},
		"node_modules/@types/uuid": {
			"version": "10.0.0",
			"resolved": "https://registry.npmjs.org/@types/uuid/-/uuid-10.0.0.tgz",
			"integrity": "sha512-7gqG38EyHgyP1S+7+xomFtL+ZNHcKv6DwNaCZmJmo1vgMugyF3TCnXVg4t1uk89mLNwnLtnY3TpOpCOyp1/xHQ==",
			"dev": true,
			"license": "MIT"
		},
		"node_modules/ansi-regex": {
			"version": "5.0.1",
			"resolved": "https://registry.npmjs.org/ansi-regex/-/ansi-regex-5.0.1.tgz",
			"integrity": "sha512-quJQXlTSUGL2LH9SUXo8VwsY4soanhgo6LNSm84E1LBcE8s3O0wpdiRzyR9z/ZZJMlMWv37qOOb9pdJlMUEKFQ==",
			"engines": {
				"node": ">=8"
			}
		},
		"node_modules/ansi-styles": {
			"version": "4.3.0",
			"resolved": "https://registry.npmjs.org/ansi-styles/-/ansi-styles-4.3.0.tgz",
			"integrity": "sha512-zbB9rCJAT1rbjiVDb2hqKFHNYLxgtk8NURxZ3IZwD3F6NtxbXZQCnnSi1Lkx+IDohdPlFp222wVALIheZJQSEg==",
			"dependencies": {
				"color-convert": "^2.0.1"
			},
			"engines": {
				"node": ">=8"
			},
			"funding": {
				"url": "https://github.com/chalk/ansi-styles?sponsor=1"
			}
		},
		"node_modules/cliui": {
			"version": "8.0.1",
			"resolved": "https://registry.npmjs.org/cliui/-/cliui-8.0.1.tgz",
			"integrity": "sha512-BSeNnyus75C4//NQ9gQt1/csTXyo/8Sb+afLAkzAptFuMsod9HFokGNudZpi/oQV73hnVK+sR+5PVRMd+Dr7YQ==",
			"dependencies": {
				"string-width": "^4.2.0",
				"strip-ansi": "^6.0.1",
				"wrap-ansi": "^7.0.0"
			},
			"engines": {
				"node": ">=12"
			}
		},
		"node_modules/color-convert": {
			"version": "2.0.1",
			"resolved": "https://registry.npmjs.org/color-convert/-/color-convert-2.0.1.tgz",
			"integrity": "sha512-RRECPsj7iu/xb5oKYcsFHSppFNnsj/52OVTRKb4zP5onXwVF3zVmmToNcOfGC+CRDpfK/U584fMg38ZHCaElKQ==",
			"dependencies": {
				"color-name": "~1.1.4"
			},
			"engines": {
				"node": ">=7.0.0"
			}
		},
		"node_modules/color-name": {
			"version": "1.1.4",
			"resolved": "https://registry.npmjs.org/color-name/-/color-name-1.1.4.tgz",
			"integrity": "sha512-dOy+3AuW3a2wNbZHIuMZpTcgjGuLU/uBL/ubcZF9OXbDo8ff4O8yVp5Bf0efS8uEoYo5q4Fx7dY9OgQGXgAsQA=="
		},
		"node_modules/config-chain": {
			"version": "1.1.13",
			"resolved": "https://registry.npmjs.org/config-chain/-/config-chain-1.1.13.tgz",
			"integrity": "sha512-qj+f8APARXHrM0hraqXYb2/bOVSV4PvJQlNZ/DVj0QrmNM2q2euizkeuVckQ57J+W0mRH6Hvi+k50M4Jul2VRQ==",
			"license": "MIT",
			"dependencies": {
				"ini": "^1.3.4",
				"proto-list": "~1.2.1"
			}
		},
		"node_modules/deep-extend": {
			"version": "0.6.0",
			"resolved": "https://registry.npmjs.org/deep-extend/-/deep-extend-0.6.0.tgz",
			"integrity": "sha512-LOHxIOaPYdHlJRtCQfDIVZtfw/ufM8+rVj649RIHzcm/vGwQRXFt6OPqIFWsm2XEMrNIEtWR64sY1LEKD2vAOA==",
			"license": "MIT",
			"engines": {
				"node": ">=4.0.0"
			}
		},
		"node_modules/emoji-regex": {
			"version": "8.0.0",
			"resolved": "https://registry.npmjs.org/emoji-regex/-/emoji-regex-8.0.0.tgz",
			"integrity": "sha512-MSjYzcWNOA0ewAHpz0MxpYFvwg6yjy1NG3xteoqz644VCo/RPgnr1/GGt+ic3iJTzQ8Eu3TdM14SawnVUmGE6A=="
		},
		"node_modules/escalade": {
			"version": "3.1.1",
			"resolved": "https://registry.npmjs.org/escalade/-/escalade-3.1.1.tgz",
			"integrity": "sha512-k0er2gUkLf8O0zKJiAhmkTnJlTvINGv7ygDNPbeIsX/TJjGJZHuh9B2UxbsaEkmlEo9MfhrSzmhIlhRlI2GXnw==",
			"engines": {
				"node": ">=6"
			}
		},
		"node_modules/get-caller-file": {
			"version": "2.0.5",
			"resolved": "https://registry.npmjs.org/get-caller-file/-/get-caller-file-2.0.5.tgz",
			"integrity": "sha512-DyFP3BM/3YHTQOCUL/w0OZHR0lpKeGrxotcHWcqNEdnltqFwXVfhEBQ94eIo34AfQpo0rGki4cyIiftY06h2Fg==",
			"engines": {
				"node": "6.* || 8.* || >= 10.*"
			}
		},
		"node_modules/graceful-fs": {
			"version": "4.2.10",
			"resolved": "https://registry.npmjs.org/graceful-fs/-/graceful-fs-4.2.10.tgz",
			"integrity": "sha512-9ByhssR2fPVsNZj478qUUbKfmL0+t5BDVyjShtyZZLiK7ZDAArFFfopyOTj0M05wE2tJPisA4iTnnXl2YoPvOA==",
			"license": "ISC"
		},
		"node_modules/ini": {
			"version": "1.3.8",
			"resolved": "https://registry.npmjs.org/ini/-/ini-1.3.8.tgz",
			"integrity": "sha512-JV/yugV2uzW5iMRSiZAyDtQd+nxtUnjeLt0acNdw98kKLrvuRVyB80tsREOE7yvGVgalhZ6RNXCmEHkUKBKxew==",
			"license": "ISC"
		},
		"node_modules/is-fullwidth-code-point": {
			"version": "3.0.0",
			"resolved": "https://registry.npmjs.org/is-fullwidth-code-point/-/is-fullwidth-code-point-3.0.0.tgz",
			"integrity": "sha512-zymm5+u+sCsSWyD9qNaejV3DFvhCKclKdizYaJUuHA83RLjb7nSuGnddCHGv0hk+KY7BMAlsWeK4Ueg6EV6XQg==",
			"engines": {
				"node": ">=8"
			}
		},
		"node_modules/ky": {
			"version": "1.3.0",
			"resolved": "https://registry.npmjs.org/ky/-/ky-1.3.0.tgz",
			"integrity": "sha512-QUViPXlgP6NKA57IAPff/aZSmRA6qs9wKxlEpayBorwRZG+x2LG7jD4kXh8lnH3q/gkUr64NyZ7kwErUEZJmlw==",
			"license": "MIT",
			"engines": {
				"node": ">=18"
			},
			"funding": {
				"url": "https://github.com/sindresorhus/ky?sponsor=1"
			}
		},
		"node_modules/latest-version": {
			"version": "9.0.0",
			"resolved": "https://registry.npmjs.org/latest-version/-/latest-version-9.0.0.tgz",
			"integrity": "sha512-7W0vV3rqv5tokqkBAFV1LbR7HPOWzXQDpDgEuib/aJ1jsZZx6x3c2mBI+TJhJzOhkGeaLbCKEHXEXLfirtG2JA==",
			"license": "MIT",
			"dependencies": {
				"package-json": "^10.0.0"
			},
			"engines": {
				"node": ">=18"
			},
			"funding": {
				"url": "https://github.com/sponsors/sindresorhus"
			}
		},
		"node_modules/lsif-protocol": {
			"version": "0.6.0-next.7",
			"resolved": "https://registry.npmjs.org/lsif-protocol/-/lsif-protocol-0.6.0-next.7.tgz",
			"integrity": "sha512-P67czn1sCa4EhEFlRJWabieHB2poIuRHRO06mR5lLsTk0HqMrbM9McJaXlAJwOMylaxZ0HPpHrT9ij9BA4tzyw==",
			"dependencies": {
				"vscode-languageserver-protocol": "^3.16.0"
			}
		},
		"node_modules/minimist": {
			"version": "1.2.8",
			"resolved": "https://registry.npmjs.org/minimist/-/minimist-1.2.8.tgz",
			"integrity": "sha512-2yyAR8qBkN3YuheJanUpWC5U3bb5osDywNB8RzDVlDwDHbocAJveqqj1u8+SVD7jkWT4yvsHCpWqqWqAxb0zCA==",
			"license": "MIT",
			"funding": {
				"url": "https://github.com/sponsors/ljharb"
			}
		},
		"node_modules/package-json": {
			"version": "10.0.0",
			"resolved": "https://registry.npmjs.org/package-json/-/package-json-10.0.0.tgz",
			"integrity": "sha512-w34pqp733w35nElGG6eH1OnDnHEWud4uxruQ2nKzY/Uy0uOJmWFdjDcAC+xAD4goVuBZStwaAEBS21BANv83HQ==",
			"license": "MIT",
			"dependencies": {
				"ky": "^1.2.0",
				"registry-auth-token": "^5.0.2",
				"registry-url": "^6.0.1",
				"semver": "^7.6.0"
			},
			"engines": {
				"node": ">=18"
			},
			"funding": {
				"url": "https://github.com/sponsors/sindresorhus"
			}
		},
		"node_modules/proto-list": {
			"version": "1.2.4",
			"resolved": "https://registry.npmjs.org/proto-list/-/proto-list-1.2.4.tgz",
			"integrity": "sha512-vtK/94akxsTMhe0/cbfpR+syPuszcuwhqVjJq26CuNDgFGj682oRBXOP5MJpv2r7JtE8MsiepGIqvvOTBwn2vA==",
			"license": "ISC"
		},
		"node_modules/rc": {
			"version": "1.2.8",
			"resolved": "https://registry.npmjs.org/rc/-/rc-1.2.8.tgz",
			"integrity": "sha512-y3bGgqKj3QBdxLbLkomlohkvsA8gdAiUQlSBJnBhfn+BPxg4bc62d8TcBW15wavDfgexCgccckhcZvywyQYPOw==",
			"license": "(BSD-2-Clause OR MIT OR Apache-2.0)",
			"dependencies": {
				"deep-extend": "^0.6.0",
				"ini": "~1.3.0",
				"minimist": "^1.2.0",
				"strip-json-comments": "~2.0.1"
			},
			"bin": {
				"rc": "cli.js"
			}
		},
		"node_modules/registry-auth-token": {
			"version": "5.0.2",
			"resolved": "https://registry.npmjs.org/registry-auth-token/-/registry-auth-token-5.0.2.tgz",
			"integrity": "sha512-o/3ikDxtXaA59BmZuZrJZDJv8NMDGSj+6j6XaeBmHw8eY1i1qd9+6H+LjVvQXx3HN6aRCGa1cUdJ9RaJZUugnQ==",
			"license": "MIT",
			"dependencies": {
				"@pnpm/npm-conf": "^2.1.0"
			},
			"engines": {
				"node": ">=14"
			}
		},
		"node_modules/registry-url": {
			"version": "6.0.1",
			"resolved": "https://registry.npmjs.org/registry-url/-/registry-url-6.0.1.tgz",
			"integrity": "sha512-+crtS5QjFRqFCoQmvGduwYWEBng99ZvmFvF+cUJkGYF1L1BfU8C6Zp9T7f5vPAwyLkUExpvK+ANVZmGU49qi4Q==",
			"license": "MIT",
			"dependencies": {
				"rc": "1.2.8"
			},
			"engines": {
				"node": ">=12"
			},
			"funding": {
				"url": "https://github.com/sponsors/sindresorhus"
			}
		},
		"node_modules/require-directory": {
			"version": "2.1.1",
			"resolved": "https://registry.npmjs.org/require-directory/-/require-directory-2.1.1.tgz",
			"integrity": "sha1-jGStX9MNqxyXbiNE/+f3kqam30I=",
			"engines": {
				"node": ">=0.10.0"
			}
		},
		"node_modules/semver": {
			"version": "7.6.2",
			"resolved": "https://registry.npmjs.org/semver/-/semver-7.6.2.tgz",
			"integrity": "sha512-FNAIBWCx9qcRhoHcgcJ0gvU7SN1lYU2ZXuSfl04bSC5OpvDHFyJCjdNHomPXxjQlCBU67YW64PzY7/VIEH7F2w==",
			"license": "ISC",
			"bin": {
				"semver": "bin/semver.js"
			},
			"engines": {
				"node": ">=10"
			}
		},
		"node_modules/string-width": {
			"version": "4.2.3",
			"resolved": "https://registry.npmjs.org/string-width/-/string-width-4.2.3.tgz",
			"integrity": "sha512-wKyQRQpjJ0sIp62ErSZdGsjMJWsap5oRNihHhu6G7JVO/9jIB6UyevL+tXuOqrng8j/cxKTWyWUwvSTriiZz/g==",
			"dependencies": {
				"emoji-regex": "^8.0.0",
				"is-fullwidth-code-point": "^3.0.0",
				"strip-ansi": "^6.0.1"
			},
			"engines": {
				"node": ">=8"
			}
		},
		"node_modules/strip-ansi": {
			"version": "6.0.1",
			"resolved": "https://registry.npmjs.org/strip-ansi/-/strip-ansi-6.0.1.tgz",
			"integrity": "sha512-Y38VPSHcqkFrCpFnQ9vuSXmquuv5oXOKpGeT6aGrr3o3Gc9AlVa6JBfUSOCnbxGGZF+/0ooI7KrPuUSztUdU5A==",
			"dependencies": {
				"ansi-regex": "^5.0.1"
			},
			"engines": {
				"node": ">=8"
			}
		},
		"node_modules/strip-json-comments": {
			"version": "2.0.1",
			"resolved": "https://registry.npmjs.org/strip-json-comments/-/strip-json-comments-2.0.1.tgz",
			"integrity": "sha512-4gB8na07fecVVkOI6Rs4e7T6NOTki5EmL7TUduTs6bu3EdnSycntVJ4re8kgZA+wx9IueI2Y11bfbgwtzuE0KQ==",
			"license": "MIT",
			"engines": {
				"node": ">=0.10.0"
			}
		},
		"node_modules/typescript": {
			"name": "lsif-typescript",
			"version": "4.8.4-lsif.1",
			"resolved": "https://github.com/dbaeumer/TypeScript/releases/download/4.8.4-lsif.1/lsif-typescript-4.8.4-lsif.1.tgz",
			"integrity": "sha512-rQ0oMxgUP87JK8UiZbruZ5Q7W7jSaE2Hrq/GdM3J1aOZl21JfDvb1Usl/DFxNbssBnPLvFVlmPBaarHZjkA1mw==",
			"license": "Apache-2.0",
			"bin": {
				"tsc": "bin/tsc",
				"tsserver": "bin/tsserver"
			},
			"engines": {
				"node": ">=4.2.0"
			}
		},
		"node_modules/uuid": {
			"version": "10.0.0",
			"resolved": "https://registry.npmjs.org/uuid/-/uuid-10.0.0.tgz",
			"integrity": "sha512-8XkAphELsDnEGrDxUOHB3RGvXz6TeuYSGEZBOjtTtPm2lwhGBjLgOzLHB63IUWfBpNucQjND6d3AOudO+H3RWQ==",
			"funding": [
				"https://github.com/sponsors/broofa",
				"https://github.com/sponsors/ctavan"
			],
			"license": "MIT",
			"bin": {
				"uuid": "dist/bin/uuid"
			}
		},
		"node_modules/vscode-jsonrpc": {
			"version": "6.0.0",
			"resolved": "https://registry.npmjs.org/vscode-jsonrpc/-/vscode-jsonrpc-6.0.0.tgz",
			"integrity": "sha512-wnJA4BnEjOSyFMvjZdpiOwhSq9uDoK8e/kpRJDTaMYzwlkrhG1fwDIZI94CLsLzlCK5cIbMMtFlJlfR57Lavmg==",
			"engines": {
				"node": ">=8.0.0 || >=10.0.0"
			}
		},
		"node_modules/vscode-languageserver-protocol": {
			"version": "3.16.0",
			"resolved": "https://registry.npmjs.org/vscode-languageserver-protocol/-/vscode-languageserver-protocol-3.16.0.tgz",
			"integrity": "sha512-sdeUoAawceQdgIfTI+sdcwkiK2KU+2cbEYA0agzM2uqaUy2UpnnGHtWTHVEtS0ES4zHU0eMFRGN+oQgDxlD66A==",
			"dependencies": {
				"vscode-jsonrpc": "6.0.0",
				"vscode-languageserver-types": "3.16.0"
			}
		},
		"node_modules/vscode-languageserver-types": {
			"version": "3.16.0",
			"resolved": "https://registry.npmjs.org/vscode-languageserver-types/-/vscode-languageserver-types-3.16.0.tgz",
			"integrity": "sha512-k8luDIWJWyenLc5ToFQQMaSrqCHiLwyKPHKPQZ5zz21vM+vIVUSvsRpcbiECH4WR88K2XZqc4ScRcZ7nk/jbeA=="
		},
		"node_modules/vscode-uri": {
			"version": "3.0.8",
			"resolved": "https://registry.npmjs.org/vscode-uri/-/vscode-uri-3.0.8.tgz",
			"integrity": "sha512-AyFQ0EVmsOZOlAnxoFOGOq1SQDWAB7C6aqMGS23svWAllfOaxbuFvcT8D1i8z3Gyn8fraVeZNNmN6e9bxxXkKw=="
		},
		"node_modules/wrap-ansi": {
			"version": "7.0.0",
			"resolved": "https://registry.npmjs.org/wrap-ansi/-/wrap-ansi-7.0.0.tgz",
			"integrity": "sha512-YVGIj2kamLSTxw6NsZjoBxfSwsn0ycdesmc4p+Q21c5zPuZ1pl+NfxVdxPtdHvmNVOQ6XSYG4AUtyt/Fi7D16Q==",
			"dependencies": {
				"ansi-styles": "^4.0.0",
				"string-width": "^4.1.0",
				"strip-ansi": "^6.0.0"
			},
			"engines": {
				"node": ">=10"
			},
			"funding": {
				"url": "https://github.com/chalk/wrap-ansi?sponsor=1"
			}
		},
		"node_modules/y18n": {
			"version": "5.0.5",
			"resolved": "https://registry.npmjs.org/y18n/-/y18n-5.0.5.tgz",
			"integrity": "sha512-hsRUr4FFrvhhRH12wOdfs38Gy7k2FFzB9qgN9v3aLykRq0dRcdcpz5C9FxdS2NuhOrI/628b/KSTJ3rwHysYSg==",
			"engines": {
				"node": ">=10"
			}
		},
		"node_modules/yargs": {
			"version": "17.7.2",
			"resolved": "https://registry.npmjs.org/yargs/-/yargs-17.7.2.tgz",
			"integrity": "sha512-7dSzzRQ++CKnNI/krKnYRV7JKKPUXMEh61soaHKg9mrWEhzFWhFnxPxGl+69cD1Ou63C13NUPCnmIcrvqCuM6w==",
			"dependencies": {
				"cliui": "^8.0.1",
				"escalade": "^3.1.1",
				"get-caller-file": "^2.0.5",
				"require-directory": "^2.1.1",
				"string-width": "^4.2.3",
				"y18n": "^5.0.5",
				"yargs-parser": "^21.1.1"
			},
			"engines": {
				"node": ">=12"
			}
		},
		"node_modules/yargs-parser": {
			"version": "21.1.1",
			"resolved": "https://registry.npmjs.org/yargs-parser/-/yargs-parser-21.1.1.tgz",
			"integrity": "sha512-tVpsJW7DdjecAiFpbIB1e3qxIQsE6NoPc5/eTdrbbIC4h0LVsWhnoa3g+m2HclBIujHzsxZ4VJVA+GUuc2/LBw==",
			"engines": {
				"node": ">=12"
			}
		}
	},
	"dependencies": {
		"@pnpm/config.env-replace": {
			"version": "1.1.0",
			"resolved": "https://registry.npmjs.org/@pnpm/config.env-replace/-/config.env-replace-1.1.0.tgz",
			"integrity": "sha512-htyl8TWnKL7K/ESFa1oW2UB5lVDxuF5DpM7tBi6Hu2LNL3mWkIzNLG6N4zoCUP1lCKNxWy/3iu8mS8MvToGd6w=="
		},
		"@pnpm/network.ca-file": {
			"version": "1.0.2",
			"resolved": "https://registry.npmjs.org/@pnpm/network.ca-file/-/network.ca-file-1.0.2.tgz",
			"integrity": "sha512-YcPQ8a0jwYU9bTdJDpXjMi7Brhkr1mXsXrUJvjqM2mQDgkRiz8jFaQGOdaLxgjtUfQgZhKy/O3cG/YwmgKaxLA==",
			"requires": {
				"graceful-fs": "4.2.10"
			}
		},
		"@pnpm/npm-conf": {
			"version": "2.2.2",
			"resolved": "https://registry.npmjs.org/@pnpm/npm-conf/-/npm-conf-2.2.2.tgz",
			"integrity": "sha512-UA91GwWPhFExt3IizW6bOeY/pQ0BkuNwKjk9iQW9KqxluGCrg4VenZ0/L+2Y0+ZOtme72EVvg6v0zo3AMQRCeA==",
			"requires": {
				"@pnpm/config.env-replace": "^1.1.0",
				"@pnpm/network.ca-file": "^1.0.1",
				"config-chain": "^1.1.11"
			}
		},
		"@types/uuid": {
			"version": "10.0.0",
			"resolved": "https://registry.npmjs.org/@types/uuid/-/uuid-10.0.0.tgz",
			"integrity": "sha512-7gqG38EyHgyP1S+7+xomFtL+ZNHcKv6DwNaCZmJmo1vgMugyF3TCnXVg4t1uk89mLNwnLtnY3TpOpCOyp1/xHQ==",
			"dev": true
		},
		"ansi-regex": {
			"version": "5.0.1",
			"resolved": "https://registry.npmjs.org/ansi-regex/-/ansi-regex-5.0.1.tgz",
			"integrity": "sha512-quJQXlTSUGL2LH9SUXo8VwsY4soanhgo6LNSm84E1LBcE8s3O0wpdiRzyR9z/ZZJMlMWv37qOOb9pdJlMUEKFQ=="
		},
		"ansi-styles": {
			"version": "4.3.0",
			"resolved": "https://registry.npmjs.org/ansi-styles/-/ansi-styles-4.3.0.tgz",
			"integrity": "sha512-zbB9rCJAT1rbjiVDb2hqKFHNYLxgtk8NURxZ3IZwD3F6NtxbXZQCnnSi1Lkx+IDohdPlFp222wVALIheZJQSEg==",
			"requires": {
				"color-convert": "^2.0.1"
			}
		},
		"cliui": {
			"version": "8.0.1",
			"resolved": "https://registry.npmjs.org/cliui/-/cliui-8.0.1.tgz",
			"integrity": "sha512-BSeNnyus75C4//NQ9gQt1/csTXyo/8Sb+afLAkzAptFuMsod9HFokGNudZpi/oQV73hnVK+sR+5PVRMd+Dr7YQ==",
			"requires": {
				"string-width": "^4.2.0",
				"strip-ansi": "^6.0.1",
				"wrap-ansi": "^7.0.0"
			}
		},
		"color-convert": {
			"version": "2.0.1",
			"resolved": "https://registry.npmjs.org/color-convert/-/color-convert-2.0.1.tgz",
			"integrity": "sha512-RRECPsj7iu/xb5oKYcsFHSppFNnsj/52OVTRKb4zP5onXwVF3zVmmToNcOfGC+CRDpfK/U584fMg38ZHCaElKQ==",
			"requires": {
				"color-name": "~1.1.4"
			}
		},
		"color-name": {
			"version": "1.1.4",
			"resolved": "https://registry.npmjs.org/color-name/-/color-name-1.1.4.tgz",
			"integrity": "sha512-dOy+3AuW3a2wNbZHIuMZpTcgjGuLU/uBL/ubcZF9OXbDo8ff4O8yVp5Bf0efS8uEoYo5q4Fx7dY9OgQGXgAsQA=="
		},
		"config-chain": {
			"version": "1.1.13",
			"resolved": "https://registry.npmjs.org/config-chain/-/config-chain-1.1.13.tgz",
			"integrity": "sha512-qj+f8APARXHrM0hraqXYb2/bOVSV4PvJQlNZ/DVj0QrmNM2q2euizkeuVckQ57J+W0mRH6Hvi+k50M4Jul2VRQ==",
			"requires": {
				"ini": "^1.3.4",
				"proto-list": "~1.2.1"
			}
		},
		"deep-extend": {
			"version": "0.6.0",
			"resolved": "https://registry.npmjs.org/deep-extend/-/deep-extend-0.6.0.tgz",
			"integrity": "sha512-LOHxIOaPYdHlJRtCQfDIVZtfw/ufM8+rVj649RIHzcm/vGwQRXFt6OPqIFWsm2XEMrNIEtWR64sY1LEKD2vAOA=="
		},
		"emoji-regex": {
			"version": "8.0.0",
			"resolved": "https://registry.npmjs.org/emoji-regex/-/emoji-regex-8.0.0.tgz",
			"integrity": "sha512-MSjYzcWNOA0ewAHpz0MxpYFvwg6yjy1NG3xteoqz644VCo/RPgnr1/GGt+ic3iJTzQ8Eu3TdM14SawnVUmGE6A=="
		},
		"escalade": {
			"version": "3.1.1",
			"resolved": "https://registry.npmjs.org/escalade/-/escalade-3.1.1.tgz",
			"integrity": "sha512-k0er2gUkLf8O0zKJiAhmkTnJlTvINGv7ygDNPbeIsX/TJjGJZHuh9B2UxbsaEkmlEo9MfhrSzmhIlhRlI2GXnw=="
		},
		"get-caller-file": {
			"version": "2.0.5",
			"resolved": "https://registry.npmjs.org/get-caller-file/-/get-caller-file-2.0.5.tgz",
			"integrity": "sha512-DyFP3BM/3YHTQOCUL/w0OZHR0lpKeGrxotcHWcqNEdnltqFwXVfhEBQ94eIo34AfQpo0rGki4cyIiftY06h2Fg=="
		},
		"graceful-fs": {
			"version": "4.2.10",
			"resolved": "https://registry.npmjs.org/graceful-fs/-/graceful-fs-4.2.10.tgz",
			"integrity": "sha512-9ByhssR2fPVsNZj478qUUbKfmL0+t5BDVyjShtyZZLiK7ZDAArFFfopyOTj0M05wE2tJPisA4iTnnXl2YoPvOA=="
		},
		"ini": {
			"version": "1.3.8",
			"resolved": "https://registry.npmjs.org/ini/-/ini-1.3.8.tgz",
			"integrity": "sha512-JV/yugV2uzW5iMRSiZAyDtQd+nxtUnjeLt0acNdw98kKLrvuRVyB80tsREOE7yvGVgalhZ6RNXCmEHkUKBKxew=="
		},
		"is-fullwidth-code-point": {
			"version": "3.0.0",
			"resolved": "https://registry.npmjs.org/is-fullwidth-code-point/-/is-fullwidth-code-point-3.0.0.tgz",
			"integrity": "sha512-zymm5+u+sCsSWyD9qNaejV3DFvhCKclKdizYaJUuHA83RLjb7nSuGnddCHGv0hk+KY7BMAlsWeK4Ueg6EV6XQg=="
		},
		"ky": {
			"version": "1.3.0",
			"resolved": "https://registry.npmjs.org/ky/-/ky-1.3.0.tgz",
			"integrity": "sha512-QUViPXlgP6NKA57IAPff/aZSmRA6qs9wKxlEpayBorwRZG+x2LG7jD4kXh8lnH3q/gkUr64NyZ7kwErUEZJmlw=="
		},
		"latest-version": {
			"version": "9.0.0",
			"resolved": "https://registry.npmjs.org/latest-version/-/latest-version-9.0.0.tgz",
			"integrity": "sha512-7W0vV3rqv5tokqkBAFV1LbR7HPOWzXQDpDgEuib/aJ1jsZZx6x3c2mBI+TJhJzOhkGeaLbCKEHXEXLfirtG2JA==",
			"requires": {
				"package-json": "^10.0.0"
			}
		},
		"lsif-protocol": {
			"version": "0.6.0-next.7",
			"resolved": "https://registry.npmjs.org/lsif-protocol/-/lsif-protocol-0.6.0-next.7.tgz",
			"integrity": "sha512-P67czn1sCa4EhEFlRJWabieHB2poIuRHRO06mR5lLsTk0HqMrbM9McJaXlAJwOMylaxZ0HPpHrT9ij9BA4tzyw==",
			"requires": {
				"vscode-languageserver-protocol": "^3.16.0"
			}
		},
		"minimist": {
			"version": "1.2.8",
			"resolved": "https://registry.npmjs.org/minimist/-/minimist-1.2.8.tgz",
			"integrity": "sha512-2yyAR8qBkN3YuheJanUpWC5U3bb5osDywNB8RzDVlDwDHbocAJveqqj1u8+SVD7jkWT4yvsHCpWqqWqAxb0zCA=="
		},
		"package-json": {
			"version": "10.0.0",
			"resolved": "https://registry.npmjs.org/package-json/-/package-json-10.0.0.tgz",
			"integrity": "sha512-w34pqp733w35nElGG6eH1OnDnHEWud4uxruQ2nKzY/Uy0uOJmWFdjDcAC+xAD4goVuBZStwaAEBS21BANv83HQ==",
			"requires": {
				"ky": "^1.2.0",
				"registry-auth-token": "^5.0.2",
				"registry-url": "^6.0.1",
				"semver": "^7.6.0"
			}
		},
		"proto-list": {
			"version": "1.2.4",
			"resolved": "https://registry.npmjs.org/proto-list/-/proto-list-1.2.4.tgz",
			"integrity": "sha512-vtK/94akxsTMhe0/cbfpR+syPuszcuwhqVjJq26CuNDgFGj682oRBXOP5MJpv2r7JtE8MsiepGIqvvOTBwn2vA=="
		},
		"rc": {
			"version": "1.2.8",
			"resolved": "https://registry.npmjs.org/rc/-/rc-1.2.8.tgz",
			"integrity": "sha512-y3bGgqKj3QBdxLbLkomlohkvsA8gdAiUQlSBJnBhfn+BPxg4bc62d8TcBW15wavDfgexCgccckhcZvywyQYPOw==",
			"requires": {
				"deep-extend": "^0.6.0",
				"ini": "~1.3.0",
				"minimist": "^1.2.0",
				"strip-json-comments": "~2.0.1"
			}
		},
		"registry-auth-token": {
			"version": "5.0.2",
			"resolved": "https://registry.npmjs.org/registry-auth-token/-/registry-auth-token-5.0.2.tgz",
			"integrity": "sha512-o/3ikDxtXaA59BmZuZrJZDJv8NMDGSj+6j6XaeBmHw8eY1i1qd9+6H+LjVvQXx3HN6aRCGa1cUdJ9RaJZUugnQ==",
			"requires": {
				"@pnpm/npm-conf": "^2.1.0"
			}
		},
		"registry-url": {
			"version": "6.0.1",
			"resolved": "https://registry.npmjs.org/registry-url/-/registry-url-6.0.1.tgz",
			"integrity": "sha512-+crtS5QjFRqFCoQmvGduwYWEBng99ZvmFvF+cUJkGYF1L1BfU8C6Zp9T7f5vPAwyLkUExpvK+ANVZmGU49qi4Q==",
			"requires": {
				"rc": "1.2.8"
			}
		},
		"require-directory": {
			"version": "2.1.1",
			"resolved": "https://registry.npmjs.org/require-directory/-/require-directory-2.1.1.tgz",
			"integrity": "sha1-jGStX9MNqxyXbiNE/+f3kqam30I="
		},
		"semver": {
			"version": "7.6.2",
			"resolved": "https://registry.npmjs.org/semver/-/semver-7.6.2.tgz",
			"integrity": "sha512-FNAIBWCx9qcRhoHcgcJ0gvU7SN1lYU2ZXuSfl04bSC5OpvDHFyJCjdNHomPXxjQlCBU67YW64PzY7/VIEH7F2w=="
		},
		"string-width": {
			"version": "4.2.3",
			"resolved": "https://registry.npmjs.org/string-width/-/string-width-4.2.3.tgz",
			"integrity": "sha512-wKyQRQpjJ0sIp62ErSZdGsjMJWsap5oRNihHhu6G7JVO/9jIB6UyevL+tXuOqrng8j/cxKTWyWUwvSTriiZz/g==",
			"requires": {
				"emoji-regex": "^8.0.0",
				"is-fullwidth-code-point": "^3.0.0",
				"strip-ansi": "^6.0.1"
			}
		},
		"strip-ansi": {
			"version": "6.0.1",
			"resolved": "https://registry.npmjs.org/strip-ansi/-/strip-ansi-6.0.1.tgz",
			"integrity": "sha512-Y38VPSHcqkFrCpFnQ9vuSXmquuv5oXOKpGeT6aGrr3o3Gc9AlVa6JBfUSOCnbxGGZF+/0ooI7KrPuUSztUdU5A==",
			"requires": {
				"ansi-regex": "^5.0.1"
			}
		},
		"strip-json-comments": {
			"version": "2.0.1",
			"resolved": "https://registry.npmjs.org/strip-json-comments/-/strip-json-comments-2.0.1.tgz",
			"integrity": "sha512-4gB8na07fecVVkOI6Rs4e7T6NOTki5EmL7TUduTs6bu3EdnSycntVJ4re8kgZA+wx9IueI2Y11bfbgwtzuE0KQ=="
		},
		"typescript": {
			"version": "https://github.com/dbaeumer/TypeScript/releases/download/4.8.4-lsif.1/lsif-typescript-4.8.4-lsif.1.tgz",
			"integrity": "sha512-rQ0oMxgUP87JK8UiZbruZ5Q7W7jSaE2Hrq/GdM3J1aOZl21JfDvb1Usl/DFxNbssBnPLvFVlmPBaarHZjkA1mw=="
		},
		"uuid": {
			"version": "10.0.0",
			"resolved": "https://registry.npmjs.org/uuid/-/uuid-10.0.0.tgz",
			"integrity": "sha512-8XkAphELsDnEGrDxUOHB3RGvXz6TeuYSGEZBOjtTtPm2lwhGBjLgOzLHB63IUWfBpNucQjND6d3AOudO+H3RWQ=="
		},
		"vscode-jsonrpc": {
			"version": "6.0.0",
			"resolved": "https://registry.npmjs.org/vscode-jsonrpc/-/vscode-jsonrpc-6.0.0.tgz",
			"integrity": "sha512-wnJA4BnEjOSyFMvjZdpiOwhSq9uDoK8e/kpRJDTaMYzwlkrhG1fwDIZI94CLsLzlCK5cIbMMtFlJlfR57Lavmg=="
		},
		"vscode-languageserver-protocol": {
			"version": "3.16.0",
			"resolved": "https://registry.npmjs.org/vscode-languageserver-protocol/-/vscode-languageserver-protocol-3.16.0.tgz",
			"integrity": "sha512-sdeUoAawceQdgIfTI+sdcwkiK2KU+2cbEYA0agzM2uqaUy2UpnnGHtWTHVEtS0ES4zHU0eMFRGN+oQgDxlD66A==",
			"requires": {
				"vscode-jsonrpc": "6.0.0",
				"vscode-languageserver-types": "3.16.0"
			}
		},
		"vscode-languageserver-types": {
			"version": "3.16.0",
			"resolved": "https://registry.npmjs.org/vscode-languageserver-types/-/vscode-languageserver-types-3.16.0.tgz",
			"integrity": "sha512-k8luDIWJWyenLc5ToFQQMaSrqCHiLwyKPHKPQZ5zz21vM+vIVUSvsRpcbiECH4WR88K2XZqc4ScRcZ7nk/jbeA=="
		},
		"vscode-uri": {
			"version": "3.0.8",
			"resolved": "https://registry.npmjs.org/vscode-uri/-/vscode-uri-3.0.8.tgz",
			"integrity": "sha512-AyFQ0EVmsOZOlAnxoFOGOq1SQDWAB7C6aqMGS23svWAllfOaxbuFvcT8D1i8z3Gyn8fraVeZNNmN6e9bxxXkKw=="
		},
		"wrap-ansi": {
			"version": "7.0.0",
			"resolved": "https://registry.npmjs.org/wrap-ansi/-/wrap-ansi-7.0.0.tgz",
			"integrity": "sha512-YVGIj2kamLSTxw6NsZjoBxfSwsn0ycdesmc4p+Q21c5zPuZ1pl+NfxVdxPtdHvmNVOQ6XSYG4AUtyt/Fi7D16Q==",
			"requires": {
				"ansi-styles": "^4.0.0",
				"string-width": "^4.1.0",
				"strip-ansi": "^6.0.0"
			}
		},
		"y18n": {
			"version": "5.0.5",
			"resolved": "https://registry.npmjs.org/y18n/-/y18n-5.0.5.tgz",
			"integrity": "sha512-hsRUr4FFrvhhRH12wOdfs38Gy7k2FFzB9qgN9v3aLykRq0dRcdcpz5C9FxdS2NuhOrI/628b/KSTJ3rwHysYSg=="
		},
		"yargs": {
			"version": "17.7.2",
			"resolved": "https://registry.npmjs.org/yargs/-/yargs-17.7.2.tgz",
			"integrity": "sha512-7dSzzRQ++CKnNI/krKnYRV7JKKPUXMEh61soaHKg9mrWEhzFWhFnxPxGl+69cD1Ou63C13NUPCnmIcrvqCuM6w==",
			"requires": {
				"cliui": "^8.0.1",
				"escalade": "^3.1.1",
				"get-caller-file": "^2.0.5",
				"require-directory": "^2.1.1",
				"string-width": "^4.2.3",
				"y18n": "^5.0.5",
				"yargs-parser": "^21.1.1"
			}
		},
		"yargs-parser": {
			"version": "21.1.1",
			"resolved": "https://registry.npmjs.org/yargs-parser/-/yargs-parser-21.1.1.tgz",
			"integrity": "sha512-tVpsJW7DdjecAiFpbIB1e3qxIQsE6NoPc5/eTdrbbIC4h0LVsWhnoa3g+m2HclBIujHzsxZ4VJVA+GUuc2/LBw=="
		}
	}
}
