{
	"name": "lsif-tsc",
	"version": "0.6.0-next.21",
	"lockfileVersion": 2,
	"requires": true,
	"packages": {
		"": {
			"name": "lsif-tsc",
			"version": "0.6.0-next.21",
			"license": "MIT",
			"dependencies": {
				"latest-version": "^7.0.0",
				"lsif-protocol": "0.6.0-next.7",
				"typescript": "https://github.com/dbaeumer/TypeScript/releases/download/4.8.4-lsif.1/lsif-typescript-4.8.4-lsif.1.tgz",
				"uuid": "^9.0.0",
				"vscode-uri": "^3.0.7",
				"yargs": "^17.6.2"
			},
			"bin": {
				"lsif-tsc": "bin/lsif-tsc"
			},
			"devDependencies": {
				"@types/uuid": "^9.0.0"
			}
		},
		"node_modules/@pnpm/network.ca-file": {
			"version": "1.0.1",
			"resolved": "https://registry.npmjs.org/@pnpm/network.ca-file/-/network.ca-file-1.0.1.tgz",
			"integrity": "sha512-gkINruT2KUhZLTaiHxwCOh1O4NVnFT0wLjWFBHmTz9vpKag/C/noIMJXBxFe4F0mYpUVX2puLwAieLYFg2NvoA==",
			"dependencies": {
				"graceful-fs": "4.2.10"
			},
			"engines": {
				"node": ">=12.22.0"
			}
		},
		"node_modules/@pnpm/npm-conf": {
			"version": "1.0.5",
			"resolved": "https://registry.npmjs.org/@pnpm/npm-conf/-/npm-conf-1.0.5.tgz",
			"integrity": "sha512-hD8ml183638O3R6/Txrh0L8VzGOrFXgRtRDG4qQC4tONdZ5Z1M+tlUUDUvrjYdmK6G+JTBTeaCLMna11cXzi8A==",
			"dependencies": {
				"@pnpm/network.ca-file": "^1.0.1",
				"config-chain": "^1.1.11"
			},
			"engines": {
				"node": ">=12"
			}
		},
		"node_modules/@sindresorhus/is": {
			"version": "5.3.0",
			"resolved": "https://registry.npmjs.org/@sindresorhus/is/-/is-5.3.0.tgz",
			"integrity": "sha512-CX6t4SYQ37lzxicAqsBtxA3OseeoVrh9cSJ5PFYam0GksYlupRfy1A+Q4aYD3zvcfECLc0zO2u+ZnR2UYKvCrw==",
			"engines": {
				"node": ">=14.16"
			},
			"funding": {
				"url": "https://github.com/sindresorhus/is?sponsor=1"
			}
		},
		"node_modules/@szmarczak/http-timer": {
			"version": "5.0.1",
			"resolved": "https://registry.npmjs.org/@szmarczak/http-timer/-/http-timer-5.0.1.tgz",
			"integrity": "sha512-+PmQX0PiAYPMeVYe237LJAYvOMYW1j2rH5YROyS3b4CTVJum34HfRvKvAzozHAQG0TnHNdUfY9nCeUyRAs//cw==",
			"dependencies": {
				"defer-to-connect": "^2.0.1"
			},
			"engines": {
				"node": ">=14.16"
			}
		},
		"node_modules/@types/http-cache-semantics": {
			"version": "4.0.1",
			"resolved": "https://registry.npmjs.org/@types/http-cache-semantics/-/http-cache-semantics-4.0.1.tgz",
			"integrity": "sha512-SZs7ekbP8CN0txVG2xVRH6EgKmEm31BOxA07vkFaETzZz1xh+cbt8BcI0slpymvwhx5dlFnQG2rTlPVQn+iRPQ=="
		},
		"node_modules/@types/uuid": {
			"version": "9.0.0",
			"resolved": "https://registry.npmjs.org/@types/uuid/-/uuid-9.0.0.tgz",
			"integrity": "sha512-kr90f+ERiQtKWMz5rP32ltJ/BtULDI5RVO0uavn1HQUOwjx0R1h0rnDYNL0CepF1zL5bSY6FISAfd9tOdDhU5Q==",
			"dev": true
		},
		"node_modules/ansi-regex": {
			"version": "5.0.1",
			"resolved": "https://registry.npmjs.org/ansi-regex/-/ansi-regex-5.0.1.tgz",
			"integrity": "sha512-quJQXlTSUGL2LH9SUXo8VwsY4soanhgo6LNSm84E1LBcE8s3O0wpdiRzyR9z/ZZJMlMWv37qOOb9pdJlMUEKFQ==",
			"engines": {
				"node": ">=8"
			}
		},
		"node_modules/ansi-styles": {
			"version": "4.3.0",
			"resolved": "https://registry.npmjs.org/ansi-styles/-/ansi-styles-4.3.0.tgz",
			"integrity": "sha512-zbB9rCJAT1rbjiVDb2hqKFHNYLxgtk8NURxZ3IZwD3F6NtxbXZQCnnSi1Lkx+IDohdPlFp222wVALIheZJQSEg==",
			"dependencies": {
				"color-convert": "^2.0.1"
			},
			"engines": {
				"node": ">=8"
			},
			"funding": {
				"url": "https://github.com/chalk/ansi-styles?sponsor=1"
			}
		},
		"node_modules/cacheable-lookup": {
			"version": "7.0.0",
			"resolved": "https://registry.npmjs.org/cacheable-lookup/-/cacheable-lookup-7.0.0.tgz",
			"integrity": "sha512-+qJyx4xiKra8mZrcwhjMRMUhD5NR1R8esPkzIYxX96JiecFoxAXFuz/GpR3+ev4PE1WamHip78wV0vcmPQtp8w==",
			"engines": {
				"node": ">=14.16"
			}
		},
		"node_modules/cacheable-request": {
			"version": "10.2.7",
			"resolved": "https://registry.npmjs.org/cacheable-request/-/cacheable-request-10.2.7.tgz",
			"integrity": "sha512-I4SA6mKgDxcxVbSt/UmIkb9Ny8qSkg6ReBHtAAXnZHk7KOSx5g3DTiAOaYzcHCs6oOdHn+bip9T48E6tMvK9hw==",
			"dependencies": {
				"@types/http-cache-semantics": "^4.0.1",
				"get-stream": "^6.0.1",
				"http-cache-semantics": "^4.1.1",
				"keyv": "^4.5.2",
				"mimic-response": "^4.0.0",
				"normalize-url": "^8.0.0",
				"responselike": "^3.0.0"
			},
			"engines": {
				"node": ">=14.16"
			}
		},
		"node_modules/cliui": {
			"version": "8.0.1",
			"resolved": "https://registry.npmjs.org/cliui/-/cliui-8.0.1.tgz",
			"integrity": "sha512-BSeNnyus75C4//NQ9gQt1/csTXyo/8Sb+afLAkzAptFuMsod9HFokGNudZpi/oQV73hnVK+sR+5PVRMd+Dr7YQ==",
			"dependencies": {
				"string-width": "^4.2.0",
				"strip-ansi": "^6.0.1",
				"wrap-ansi": "^7.0.0"
			},
			"engines": {
				"node": ">=12"
			}
		},
		"node_modules/color-convert": {
			"version": "2.0.1",
			"resolved": "https://registry.npmjs.org/color-convert/-/color-convert-2.0.1.tgz",
			"integrity": "sha512-RRECPsj7iu/xb5oKYcsFHSppFNnsj/52OVTRKb4zP5onXwVF3zVmmToNcOfGC+CRDpfK/U584fMg38ZHCaElKQ==",
			"dependencies": {
				"color-name": "~1.1.4"
			},
			"engines": {
				"node": ">=7.0.0"
			}
		},
		"node_modules/color-name": {
			"version": "1.1.4",
			"resolved": "https://registry.npmjs.org/color-name/-/color-name-1.1.4.tgz",
			"integrity": "sha512-dOy+3AuW3a2wNbZHIuMZpTcgjGuLU/uBL/ubcZF9OXbDo8ff4O8yVp5Bf0efS8uEoYo5q4Fx7dY9OgQGXgAsQA=="
		},
		"node_modules/config-chain": {
			"version": "1.1.13",
			"resolved": "https://registry.npmjs.org/config-chain/-/config-chain-1.1.13.tgz",
			"integrity": "sha512-qj+f8APARXHrM0hraqXYb2/bOVSV4PvJQlNZ/DVj0QrmNM2q2euizkeuVckQ57J+W0mRH6Hvi+k50M4Jul2VRQ==",
			"dependencies": {
				"ini": "^1.3.4",
				"proto-list": "~1.2.1"
			}
		},
		"node_modules/decompress-response": {
			"version": "6.0.0",
			"resolved": "https://registry.npmjs.org/decompress-response/-/decompress-response-6.0.0.tgz",
			"integrity": "sha512-aW35yZM6Bb/4oJlZncMH2LCoZtJXTRxES17vE3hoRiowU2kWHaJKFkSBDnDR+cm9J+9QhXmREyIfv0pji9ejCQ==",
			"dependencies": {
				"mimic-response": "^3.1.0"
			},
			"engines": {
				"node": ">=10"
			},
			"funding": {
				"url": "https://github.com/sponsors/sindresorhus"
			}
		},
		"node_modules/decompress-response/node_modules/mimic-response": {
			"version": "3.1.0",
			"resolved": "https://registry.npmjs.org/mimic-response/-/mimic-response-3.1.0.tgz",
			"integrity": "sha512-z0yWI+4FDrrweS8Zmt4Ej5HdJmky15+L2e6Wgn3+iK5fWzb6T3fhNFq2+MeTRb064c6Wr4N/wv0DzQTjNzHNGQ==",
			"engines": {
				"node": ">=10"
			},
			"funding": {
				"url": "https://github.com/sponsors/sindresorhus"
			}
		},
		"node_modules/deep-extend": {
			"version": "0.6.0",
			"resolved": "https://registry.npmjs.org/deep-extend/-/deep-extend-0.6.0.tgz",
			"integrity": "sha512-LOHxIOaPYdHlJRtCQfDIVZtfw/ufM8+rVj649RIHzcm/vGwQRXFt6OPqIFWsm2XEMrNIEtWR64sY1LEKD2vAOA==",
			"engines": {
				"node": ">=4.0.0"
			}
		},
		"node_modules/defer-to-connect": {
			"version": "2.0.1",
			"resolved": "https://registry.npmjs.org/defer-to-connect/-/defer-to-connect-2.0.1.tgz",
			"integrity": "sha512-4tvttepXG1VaYGrRibk5EwJd1t4udunSOVMdLSAL6mId1ix438oPwPZMALY41FCijukO1L0twNcGsdzS7dHgDg==",
			"engines": {
				"node": ">=10"
			}
		},
		"node_modules/emoji-regex": {
			"version": "8.0.0",
			"resolved": "https://registry.npmjs.org/emoji-regex/-/emoji-regex-8.0.0.tgz",
			"integrity": "sha512-MSjYzcWNOA0ewAHpz0MxpYFvwg6yjy1NG3xteoqz644VCo/RPgnr1/GGt+ic3iJTzQ8Eu3TdM14SawnVUmGE6A=="
		},
		"node_modules/escalade": {
			"version": "3.1.1",
			"resolved": "https://registry.npmjs.org/escalade/-/escalade-3.1.1.tgz",
			"integrity": "sha512-k0er2gUkLf8O0zKJiAhmkTnJlTvINGv7ygDNPbeIsX/TJjGJZHuh9B2UxbsaEkmlEo9MfhrSzmhIlhRlI2GXnw==",
			"engines": {
				"node": ">=6"
			}
		},
		"node_modules/form-data-encoder": {
			"version": "2.1.3",
			"resolved": "https://registry.npmjs.org/form-data-encoder/-/form-data-encoder-2.1.3.tgz",
			"integrity": "sha512-KqU0nnPMgIJcCOFTNJFEA8epcseEaoox4XZffTgy8jlI6pL/5EFyR54NRG7CnCJN0biY7q52DO3MH6/sJ/TKlQ==",
			"engines": {
				"node": ">= 14.17"
			}
		},
		"node_modules/get-caller-file": {
			"version": "2.0.5",
			"resolved": "https://registry.npmjs.org/get-caller-file/-/get-caller-file-2.0.5.tgz",
			"integrity": "sha512-DyFP3BM/3YHTQOCUL/w0OZHR0lpKeGrxotcHWcqNEdnltqFwXVfhEBQ94eIo34AfQpo0rGki4cyIiftY06h2Fg==",
			"engines": {
				"node": "6.* || 8.* || >= 10.*"
			}
		},
		"node_modules/get-stream": {
			"version": "6.0.1",
			"resolved": "https://registry.npmjs.org/get-stream/-/get-stream-6.0.1.tgz",
			"integrity": "sha512-ts6Wi+2j3jQjqi70w5AlN8DFnkSwC+MqmxEzdEALB2qXZYV3X/b1CTfgPLGJNMeAWxdPfU8FO1ms3NUfaHCPYg==",
			"engines": {
				"node": ">=10"
			},
			"funding": {
				"url": "https://github.com/sponsors/sindresorhus"
			}
		},
		"node_modules/got": {
			"version": "12.5.2",
			"resolved": "https://registry.npmjs.org/got/-/got-12.5.2.tgz",
			"integrity": "sha512-guHGMSEcsA5m1oPRweXUJnug0vuvlkX9wx5hzOka+ZBrBUOJHU0Z1JcNu3QE5IPGnA5aXUsQHdWOD4eJg9/v3A==",
			"dependencies": {
				"@sindresorhus/is": "^5.2.0",
				"@szmarczak/http-timer": "^5.0.1",
				"cacheable-lookup": "^7.0.0",
				"cacheable-request": "^10.2.1",
				"decompress-response": "^6.0.0",
				"form-data-encoder": "^2.1.2",
				"get-stream": "^6.0.1",
				"http2-wrapper": "^2.1.10",
				"lowercase-keys": "^3.0.0",
				"p-cancelable": "^3.0.0",
				"responselike": "^3.0.0"
			},
			"engines": {
				"node": ">=14.16"
			},
			"funding": {
				"url": "https://github.com/sindresorhus/got?sponsor=1"
			}
		},
		"node_modules/graceful-fs": {
			"version": "4.2.10",
			"resolved": "https://registry.npmjs.org/graceful-fs/-/graceful-fs-4.2.10.tgz",
			"integrity": "sha512-9ByhssR2fPVsNZj478qUUbKfmL0+t5BDVyjShtyZZLiK7ZDAArFFfopyOTj0M05wE2tJPisA4iTnnXl2YoPvOA=="
		},
		"node_modules/http-cache-semantics": {
			"version": "4.1.1",
			"resolved": "https://registry.npmjs.org/http-cache-semantics/-/http-cache-semantics-4.1.1.tgz",
			"integrity": "sha512-er295DKPVsV82j5kw1Gjt+ADA/XYHsajl82cGNQG2eyoPkvgUhX+nDIyelzhIWbbsXP39EHcI6l5tYs2FYqYXQ=="
		},
		"node_modules/http2-wrapper": {
			"version": "2.1.11",
			"resolved": "https://registry.npmjs.org/http2-wrapper/-/http2-wrapper-2.1.11.tgz",
			"integrity": "sha512-aNAk5JzLturWEUiuhAN73Jcbq96R7rTitAoXV54FYMatvihnpD2+6PUgU4ce3D/m5VDbw+F5CsyKSF176ptitQ==",
			"dependencies": {
				"quick-lru": "^5.1.1",
				"resolve-alpn": "^1.2.0"
			},
			"engines": {
				"node": ">=10.19.0"
			}
		},
		"node_modules/ini": {
			"version": "1.3.8",
			"resolved": "https://registry.npmjs.org/ini/-/ini-1.3.8.tgz",
			"integrity": "sha512-JV/yugV2uzW5iMRSiZAyDtQd+nxtUnjeLt0acNdw98kKLrvuRVyB80tsREOE7yvGVgalhZ6RNXCmEHkUKBKxew=="
		},
		"node_modules/is-fullwidth-code-point": {
			"version": "3.0.0",
			"resolved": "https://registry.npmjs.org/is-fullwidth-code-point/-/is-fullwidth-code-point-3.0.0.tgz",
			"integrity": "sha512-zymm5+u+sCsSWyD9qNaejV3DFvhCKclKdizYaJUuHA83RLjb7nSuGnddCHGv0hk+KY7BMAlsWeK4Ueg6EV6XQg==",
			"engines": {
				"node": ">=8"
			}
		},
		"node_modules/json-buffer": {
			"version": "3.0.1",
			"resolved": "https://registry.npmjs.org/json-buffer/-/json-buffer-3.0.1.tgz",
			"integrity": "sha512-4bV5BfR2mqfQTJm+V5tPPdf+ZpuhiIvTuAB5g8kcrXOZpTT/QwwVRWBywX1ozr6lEuPdbHxwaJlm9G6mI2sfSQ=="
		},
		"node_modules/keyv": {
			"version": "4.5.2",
			"resolved": "https://registry.npmjs.org/keyv/-/keyv-4.5.2.tgz",
			"integrity": "sha512-5MHbFaKn8cNSmVW7BYnijeAVlE4cYA/SVkifVgrh7yotnfhKmjuXpDKjrABLnT0SfHWV21P8ow07OGfRrNDg8g==",
			"dependencies": {
				"json-buffer": "3.0.1"
			}
		},
		"node_modules/latest-version": {
			"version": "7.0.0",
			"resolved": "https://registry.npmjs.org/latest-version/-/latest-version-7.0.0.tgz",
			"integrity": "sha512-KvNT4XqAMzdcL6ka6Tl3i2lYeFDgXNCuIX+xNx6ZMVR1dFq+idXd9FLKNMOIx0t9mJ9/HudyX4oZWXZQ0UJHeg==",
			"dependencies": {
				"package-json": "^8.1.0"
			},
			"engines": {
				"node": ">=14.16"
			},
			"funding": {
				"url": "https://github.com/sponsors/sindresorhus"
			}
		},
		"node_modules/lowercase-keys": {
			"version": "3.0.0",
			"resolved": "https://registry.npmjs.org/lowercase-keys/-/lowercase-keys-3.0.0.tgz",
			"integrity": "sha512-ozCC6gdQ+glXOQsveKD0YsDy8DSQFjDTz4zyzEHNV5+JP5D62LmfDZ6o1cycFx9ouG940M5dE8C8CTewdj2YWQ==",
			"engines": {
				"node": "^12.20.0 || ^14.13.1 || >=16.0.0"
			},
			"funding": {
				"url": "https://github.com/sponsors/sindresorhus"
			}
		},
		"node_modules/lru-cache": {
			"version": "6.0.0",
			"resolved": "https://registry.npmjs.org/lru-cache/-/lru-cache-6.0.0.tgz",
			"integrity": "sha512-Jo6dJ04CmSjuznwJSS3pUeWmd/H0ffTlkXXgwZi+eq1UCmqQwCh+eLsYOYCwY991i2Fah4h1BEMCx4qThGbsiA==",
			"dependencies": {
				"yallist": "^4.0.0"
			},
			"engines": {
				"node": ">=10"
			}
		},
		"node_modules/lsif-protocol": {
			"version": "0.6.0-next.7",
			"resolved": "https://registry.npmjs.org/lsif-protocol/-/lsif-protocol-0.6.0-next.7.tgz",
			"integrity": "sha512-P67czn1sCa4EhEFlRJWabieHB2poIuRHRO06mR5lLsTk0HqMrbM9McJaXlAJwOMylaxZ0HPpHrT9ij9BA4tzyw==",
			"dependencies": {
				"vscode-languageserver-protocol": "^3.16.0"
			}
		},
		"node_modules/mimic-response": {
			"version": "4.0.0",
			"resolved": "https://registry.npmjs.org/mimic-response/-/mimic-response-4.0.0.tgz",
			"integrity": "sha512-e5ISH9xMYU0DzrT+jl8q2ze9D6eWBto+I8CNpe+VI+K2J/F/k3PdkdTdz4wvGVH4NTpo+NRYTVIuMQEMMcsLqg==",
			"engines": {
				"node": "^12.20.0 || ^14.13.1 || >=16.0.0"
			},
			"funding": {
				"url": "https://github.com/sponsors/sindresorhus"
			}
		},
		"node_modules/minimist": {
			"version": "1.2.7",
			"resolved": "https://registry.npmjs.org/minimist/-/minimist-1.2.7.tgz",
			"integrity": "sha512-bzfL1YUZsP41gmu/qjrEk0Q6i2ix/cVeAhbCbqH9u3zYutS1cLg00qhrD0M2MVdCcx4Sc0UpP2eBWo9rotpq6g==",
			"funding": {
				"url": "https://github.com/sponsors/ljharb"
			}
		},
		"node_modules/normalize-url": {
			"version": "8.0.0",
			"resolved": "https://registry.npmjs.org/normalize-url/-/normalize-url-8.0.0.tgz",
			"integrity": "sha512-uVFpKhj5MheNBJRTiMZ9pE/7hD1QTeEvugSJW/OmLzAp78PB5O6adfMNTvmfKhXBkvCzC+rqifWcVYpGFwTjnw==",
			"engines": {
				"node": ">=14.16"
			},
			"funding": {
				"url": "https://github.com/sponsors/sindresorhus"
			}
		},
		"node_modules/p-cancelable": {
			"version": "3.0.0",
			"resolved": "https://registry.npmjs.org/p-cancelable/-/p-cancelable-3.0.0.tgz",
			"integrity": "sha512-mlVgR3PGuzlo0MmTdk4cXqXWlwQDLnONTAg6sm62XkMJEiRxN3GL3SffkYvqwonbkJBcrI7Uvv5Zh9yjvn2iUw==",
			"engines": {
				"node": ">=12.20"
			}
		},
		"node_modules/package-json": {
			"version": "8.1.0",
			"resolved": "https://registry.npmjs.org/package-json/-/package-json-8.1.0.tgz",
			"integrity": "sha512-hySwcV8RAWeAfPsXb9/HGSPn8lwDnv6fabH+obUZKX169QknRkRhPxd1yMubpKDskLFATkl3jHpNtVtDPFA0Wg==",
			"dependencies": {
				"got": "^12.1.0",
				"registry-auth-token": "^5.0.1",
				"registry-url": "^6.0.0",
				"semver": "^7.3.7"
			},
			"engines": {
				"node": ">=14.16"
			},
			"funding": {
				"url": "https://github.com/sponsors/sindresorhus"
			}
		},
		"node_modules/proto-list": {
			"version": "1.2.4",
			"resolved": "https://registry.npmjs.org/proto-list/-/proto-list-1.2.4.tgz",
			"integrity": "sha512-vtK/94akxsTMhe0/cbfpR+syPuszcuwhqVjJq26CuNDgFGj682oRBXOP5MJpv2r7JtE8MsiepGIqvvOTBwn2vA=="
		},
		"node_modules/quick-lru": {
			"version": "5.1.1",
			"resolved": "https://registry.npmjs.org/quick-lru/-/quick-lru-5.1.1.tgz",
			"integrity": "sha512-WuyALRjWPDGtt/wzJiadO5AXY+8hZ80hVpe6MyivgraREW751X3SbhRvG3eLKOYN+8VEvqLcf3wdnt44Z4S4SA==",
			"engines": {
				"node": ">=10"
			},
			"funding": {
				"url": "https://github.com/sponsors/sindresorhus"
			}
		},
		"node_modules/rc": {
			"version": "1.2.8",
			"resolved": "https://registry.npmjs.org/rc/-/rc-1.2.8.tgz",
			"integrity": "sha512-y3bGgqKj3QBdxLbLkomlohkvsA8gdAiUQlSBJnBhfn+BPxg4bc62d8TcBW15wavDfgexCgccckhcZvywyQYPOw==",
			"dependencies": {
				"deep-extend": "^0.6.0",
				"ini": "~1.3.0",
				"minimist": "^1.2.0",
				"strip-json-comments": "~2.0.1"
			},
			"bin": {
				"rc": "cli.js"
			}
		},
		"node_modules/registry-auth-token": {
			"version": "5.0.1",
			"resolved": "https://registry.npmjs.org/registry-auth-token/-/registry-auth-token-5.0.1.tgz",
			"integrity": "sha512-UfxVOj8seK1yaIOiieV4FIP01vfBDLsY0H9sQzi9EbbUdJiuuBjJgLa1DpImXMNPnVkBD4eVxTEXcrZA6kfpJA==",
			"dependencies": {
				"@pnpm/npm-conf": "^1.0.4"
			},
			"engines": {
				"node": ">=14"
			}
		},
		"node_modules/registry-url": {
			"version": "6.0.1",
			"resolved": "https://registry.npmjs.org/registry-url/-/registry-url-6.0.1.tgz",
			"integrity": "sha512-+crtS5QjFRqFCoQmvGduwYWEBng99ZvmFvF+cUJkGYF1L1BfU8C6Zp9T7f5vPAwyLkUExpvK+ANVZmGU49qi4Q==",
			"dependencies": {
				"rc": "1.2.8"
			},
			"engines": {
				"node": ">=12"
			},
			"funding": {
				"url": "https://github.com/sponsors/sindresorhus"
			}
		},
		"node_modules/require-directory": {
			"version": "2.1.1",
			"resolved": "https://registry.npmjs.org/require-directory/-/require-directory-2.1.1.tgz",
			"integrity": "sha1-jGStX9MNqxyXbiNE/+f3kqam30I=",
			"engines": {
				"node": ">=0.10.0"
			}
		},
		"node_modules/resolve-alpn": {
			"version": "1.2.1",
			"resolved": "https://registry.npmjs.org/resolve-alpn/-/resolve-alpn-1.2.1.tgz",
			"integrity": "sha512-0a1F4l73/ZFZOakJnQ3FvkJ2+gSTQWz/r2KE5OdDY0TxPm5h4GkqkWWfM47T7HsbnOtcJVEF4epCVy6u7Q3K+g=="
		},
		"node_modules/responselike": {
			"version": "3.0.0",
			"resolved": "https://registry.npmjs.org/responselike/-/responselike-3.0.0.tgz",
			"integrity": "sha512-40yHxbNcl2+rzXvZuVkrYohathsSJlMTXKryG5y8uciHv1+xDLHQpgjG64JUO9nrEq2jGLH6IZ8BcZyw3wrweg==",
			"dependencies": {
				"lowercase-keys": "^3.0.0"
			},
			"engines": {
				"node": ">=14.16"
			},
			"funding": {
				"url": "https://github.com/sponsors/sindresorhus"
			}
		},
		"node_modules/semver": {
			"version": "7.5.3",
			"resolved": "https://registry.npmjs.org/semver/-/semver-7.5.3.tgz",
			"integrity": "sha512-QBlUtyVk/5EeHbi7X0fw6liDZc7BBmEaSYn01fMU1OUYbf6GPsbTtd8WmnqbI20SeycoHSeiybkE/q1Q+qlThQ==",
			"dependencies": {
				"lru-cache": "^6.0.0"
			},
			"bin": {
				"semver": "bin/semver.js"
			},
			"engines": {
				"node": ">=10"
			}
		},
		"node_modules/string-width": {
			"version": "4.2.3",
			"resolved": "https://registry.npmjs.org/string-width/-/string-width-4.2.3.tgz",
			"integrity": "sha512-wKyQRQpjJ0sIp62ErSZdGsjMJWsap5oRNihHhu6G7JVO/9jIB6UyevL+tXuOqrng8j/cxKTWyWUwvSTriiZz/g==",
			"dependencies": {
				"emoji-regex": "^8.0.0",
				"is-fullwidth-code-point": "^3.0.0",
				"strip-ansi": "^6.0.1"
			},
			"engines": {
				"node": ">=8"
			}
		},
		"node_modules/strip-ansi": {
			"version": "6.0.1",
			"resolved": "https://registry.npmjs.org/strip-ansi/-/strip-ansi-6.0.1.tgz",
			"integrity": "sha512-Y38VPSHcqkFrCpFnQ9vuSXmquuv5oXOKpGeT6aGrr3o3Gc9AlVa6JBfUSOCnbxGGZF+/0ooI7KrPuUSztUdU5A==",
			"dependencies": {
				"ansi-regex": "^5.0.1"
			},
			"engines": {
				"node": ">=8"
			}
		},
		"node_modules/strip-json-comments": {
			"version": "2.0.1",
			"resolved": "https://registry.npmjs.org/strip-json-comments/-/strip-json-comments-2.0.1.tgz",
			"integrity": "sha512-4gB8na07fecVVkOI6Rs4e7T6NOTki5EmL7TUduTs6bu3EdnSycntVJ4re8kgZA+wx9IueI2Y11bfbgwtzuE0KQ==",
			"engines": {
				"node": ">=0.10.0"
			}
		},
		"node_modules/typescript": {
			"name": "lsif-typescript",
			"version": "4.8.4-lsif.1",
			"resolved": "https://github.com/dbaeumer/TypeScript/releases/download/4.8.4-lsif.1/lsif-typescript-4.8.4-lsif.1.tgz",
			"integrity": "sha512-rQ0oMxgUP87JK8UiZbruZ5Q7W7jSaE2Hrq/GdM3J1aOZl21JfDvb1Usl/DFxNbssBnPLvFVlmPBaarHZjkA1mw==",
			"license": "Apache-2.0",
			"bin": {
				"tsc": "bin/tsc",
				"tsserver": "bin/tsserver"
			},
			"engines": {
				"node": ">=4.2.0"
			}
		},
		"node_modules/uuid": {
			"version": "9.0.0",
			"resolved": "https://registry.npmjs.org/uuid/-/uuid-9.0.0.tgz",
			"integrity": "sha512-MXcSTerfPa4uqyzStbRoTgt5XIe3x5+42+q1sDuy3R5MDk66URdLMOZe5aPX/SQd+kuYAh0FdP/pO28IkQyTeg==",
			"bin": {
				"uuid": "dist/bin/uuid"
			}
		},
		"node_modules/vscode-jsonrpc": {
			"version": "6.0.0",
			"resolved": "https://registry.npmjs.org/vscode-jsonrpc/-/vscode-jsonrpc-6.0.0.tgz",
			"integrity": "sha512-wnJA4BnEjOSyFMvjZdpiOwhSq9uDoK8e/kpRJDTaMYzwlkrhG1fwDIZI94CLsLzlCK5cIbMMtFlJlfR57Lavmg==",
			"engines": {
				"node": ">=8.0.0 || >=10.0.0"
			}
		},
		"node_modules/vscode-languageserver-protocol": {
			"version": "3.16.0",
			"resolved": "https://registry.npmjs.org/vscode-languageserver-protocol/-/vscode-languageserver-protocol-3.16.0.tgz",
			"integrity": "sha512-sdeUoAawceQdgIfTI+sdcwkiK2KU+2cbEYA0agzM2uqaUy2UpnnGHtWTHVEtS0ES4zHU0eMFRGN+oQgDxlD66A==",
			"dependencies": {
				"vscode-jsonrpc": "6.0.0",
				"vscode-languageserver-types": "3.16.0"
			}
		},
		"node_modules/vscode-languageserver-types": {
			"version": "3.16.0",
			"resolved": "https://registry.npmjs.org/vscode-languageserver-types/-/vscode-languageserver-types-3.16.0.tgz",
			"integrity": "sha512-k8luDIWJWyenLc5ToFQQMaSrqCHiLwyKPHKPQZ5zz21vM+vIVUSvsRpcbiECH4WR88K2XZqc4ScRcZ7nk/jbeA=="
		},
		"node_modules/vscode-uri": {
			"version": "3.0.7",
			"resolved": "https://registry.npmjs.org/vscode-uri/-/vscode-uri-3.0.7.tgz",
			"integrity": "sha512-eOpPHogvorZRobNqJGhapa0JdwaxpjVvyBp0QIUMRMSf8ZAlqOdEquKuRmw9Qwu0qXtJIWqFtMkmvJjUZmMjVA=="
		},
		"node_modules/wrap-ansi": {
			"version": "7.0.0",
			"resolved": "https://registry.npmjs.org/wrap-ansi/-/wrap-ansi-7.0.0.tgz",
			"integrity": "sha512-YVGIj2kamLSTxw6NsZjoBxfSwsn0ycdesmc4p+Q21c5zPuZ1pl+NfxVdxPtdHvmNVOQ6XSYG4AUtyt/Fi7D16Q==",
			"dependencies": {
				"ansi-styles": "^4.0.0",
				"string-width": "^4.1.0",
				"strip-ansi": "^6.0.0"
			},
			"engines": {
				"node": ">=10"
			},
			"funding": {
				"url": "https://github.com/chalk/wrap-ansi?sponsor=1"
			}
		},
		"node_modules/y18n": {
			"version": "5.0.5",
			"resolved": "https://registry.npmjs.org/y18n/-/y18n-5.0.5.tgz",
			"integrity": "sha512-hsRUr4FFrvhhRH12wOdfs38Gy7k2FFzB9qgN9v3aLykRq0dRcdcpz5C9FxdS2NuhOrI/628b/KSTJ3rwHysYSg==",
			"engines": {
				"node": ">=10"
			}
		},
		"node_modules/yallist": {
			"version": "4.0.0",
			"resolved": "https://registry.npmjs.org/yallist/-/yallist-4.0.0.tgz",
			"integrity": "sha512-3wdGidZyq5PB084XLES5TpOSRA3wjXAlIWMhum2kRcv/41Sn2emQ0dycQW4uZXLejwKvg6EsvbdlVL+FYEct7A=="
		},
		"node_modules/yargs": {
			"version": "17.6.2",
			"resolved": "https://registry.npmjs.org/yargs/-/yargs-17.6.2.tgz",
			"integrity": "sha512-1/9UrdHjDZc0eOU0HxOHoS78C69UD3JRMvzlJ7S79S2nTaWRA/whGCTV8o9e/N/1Va9YIV7Q4sOxD8VV4pCWOw==",
			"dependencies": {
				"cliui": "^8.0.1",
				"escalade": "^3.1.1",
				"get-caller-file": "^2.0.5",
				"require-directory": "^2.1.1",
				"string-width": "^4.2.3",
				"y18n": "^5.0.5",
				"yargs-parser": "^21.1.1"
			},
			"engines": {
				"node": ">=12"
			}
		},
		"node_modules/yargs-parser": {
			"version": "21.1.1",
			"resolved": "https://registry.npmjs.org/yargs-parser/-/yargs-parser-21.1.1.tgz",
			"integrity": "sha512-tVpsJW7DdjecAiFpbIB1e3qxIQsE6NoPc5/eTdrbbIC4h0LVsWhnoa3g+m2HclBIujHzsxZ4VJVA+GUuc2/LBw==",
			"engines": {
				"node": ">=12"
			}
		}
	},
	"dependencies": {
		"@pnpm/network.ca-file": {
			"version": "1.0.1",
			"resolved": "https://registry.npmjs.org/@pnpm/network.ca-file/-/network.ca-file-1.0.1.tgz",
			"integrity": "sha512-gkINruT2KUhZLTaiHxwCOh1O4NVnFT0wLjWFBHmTz9vpKag/C/noIMJXBxFe4F0mYpUVX2puLwAieLYFg2NvoA==",
			"requires": {
				"graceful-fs": "4.2.10"
			}
		},
		"@pnpm/npm-conf": {
			"version": "1.0.5",
			"resolved": "https://registry.npmjs.org/@pnpm/npm-conf/-/npm-conf-1.0.5.tgz",
			"integrity": "sha512-hD8ml183638O3R6/Txrh0L8VzGOrFXgRtRDG4qQC4tONdZ5Z1M+tlUUDUvrjYdmK6G+JTBTeaCLMna11cXzi8A==",
			"requires": {
				"@pnpm/network.ca-file": "^1.0.1",
				"config-chain": "^1.1.11"
			}
		},
		"@sindresorhus/is": {
			"version": "5.3.0",
			"resolved": "https://registry.npmjs.org/@sindresorhus/is/-/is-5.3.0.tgz",
			"integrity": "sha512-CX6t4SYQ37lzxicAqsBtxA3OseeoVrh9cSJ5PFYam0GksYlupRfy1A+Q4aYD3zvcfECLc0zO2u+ZnR2UYKvCrw=="
		},
		"@szmarczak/http-timer": {
			"version": "5.0.1",
			"resolved": "https://registry.npmjs.org/@szmarczak/http-timer/-/http-timer-5.0.1.tgz",
			"integrity": "sha512-+PmQX0PiAYPMeVYe237LJAYvOMYW1j2rH5YROyS3b4CTVJum34HfRvKvAzozHAQG0TnHNdUfY9nCeUyRAs//cw==",
			"requires": {
				"defer-to-connect": "^2.0.1"
			}
		},
		"@types/http-cache-semantics": {
			"version": "4.0.1",
			"resolved": "https://registry.npmjs.org/@types/http-cache-semantics/-/http-cache-semantics-4.0.1.tgz",
			"integrity": "sha512-SZs7ekbP8CN0txVG2xVRH6EgKmEm31BOxA07vkFaETzZz1xh+cbt8BcI0slpymvwhx5dlFnQG2rTlPVQn+iRPQ=="
		},
		"@types/uuid": {
			"version": "9.0.0",
			"resolved": "https://registry.npmjs.org/@types/uuid/-/uuid-9.0.0.tgz",
			"integrity": "sha512-kr90f+ERiQtKWMz5rP32ltJ/BtULDI5RVO0uavn1HQUOwjx0R1h0rnDYNL0CepF1zL5bSY6FISAfd9tOdDhU5Q==",
			"dev": true
		},
		"ansi-regex": {
			"version": "5.0.1",
			"resolved": "https://registry.npmjs.org/ansi-regex/-/ansi-regex-5.0.1.tgz",
			"integrity": "sha512-quJQXlTSUGL2LH9SUXo8VwsY4soanhgo6LNSm84E1LBcE8s3O0wpdiRzyR9z/ZZJMlMWv37qOOb9pdJlMUEKFQ=="
		},
		"ansi-styles": {
			"version": "4.3.0",
			"resolved": "https://registry.npmjs.org/ansi-styles/-/ansi-styles-4.3.0.tgz",
			"integrity": "sha512-zbB9rCJAT1rbjiVDb2hqKFHNYLxgtk8NURxZ3IZwD3F6NtxbXZQCnnSi1Lkx+IDohdPlFp222wVALIheZJQSEg==",
			"requires": {
				"color-convert": "^2.0.1"
			}
		},
		"cacheable-lookup": {
			"version": "7.0.0",
			"resolved": "https://registry.npmjs.org/cacheable-lookup/-/cacheable-lookup-7.0.0.tgz",
			"integrity": "sha512-+qJyx4xiKra8mZrcwhjMRMUhD5NR1R8esPkzIYxX96JiecFoxAXFuz/GpR3+ev4PE1WamHip78wV0vcmPQtp8w=="
		},
		"cacheable-request": {
			"version": "10.2.7",
			"resolved": "https://registry.npmjs.org/cacheable-request/-/cacheable-request-10.2.7.tgz",
			"integrity": "sha512-I4SA6mKgDxcxVbSt/UmIkb9Ny8qSkg6ReBHtAAXnZHk7KOSx5g3DTiAOaYzcHCs6oOdHn+bip9T48E6tMvK9hw==",
			"requires": {
				"@types/http-cache-semantics": "^4.0.1",
				"get-stream": "^6.0.1",
				"http-cache-semantics": "^4.1.1",
				"keyv": "^4.5.2",
				"mimic-response": "^4.0.0",
				"normalize-url": "^8.0.0",
				"responselike": "^3.0.0"
			}
		},
		"cliui": {
			"version": "8.0.1",
			"resolved": "https://registry.npmjs.org/cliui/-/cliui-8.0.1.tgz",
			"integrity": "sha512-BSeNnyus75C4//NQ9gQt1/csTXyo/8Sb+afLAkzAptFuMsod9HFokGNudZpi/oQV73hnVK+sR+5PVRMd+Dr7YQ==",
			"requires": {
				"string-width": "^4.2.0",
				"strip-ansi": "^6.0.1",
				"wrap-ansi": "^7.0.0"
			}
		},
		"color-convert": {
			"version": "2.0.1",
			"resolved": "https://registry.npmjs.org/color-convert/-/color-convert-2.0.1.tgz",
			"integrity": "sha512-RRECPsj7iu/xb5oKYcsFHSppFNnsj/52OVTRKb4zP5onXwVF3zVmmToNcOfGC+CRDpfK/U584fMg38ZHCaElKQ==",
			"requires": {
				"color-name": "~1.1.4"
			}
		},
		"color-name": {
			"version": "1.1.4",
			"resolved": "https://registry.npmjs.org/color-name/-/color-name-1.1.4.tgz",
			"integrity": "sha512-dOy+3AuW3a2wNbZHIuMZpTcgjGuLU/uBL/ubcZF9OXbDo8ff4O8yVp5Bf0efS8uEoYo5q4Fx7dY9OgQGXgAsQA=="
		},
		"config-chain": {
			"version": "1.1.13",
			"resolved": "https://registry.npmjs.org/config-chain/-/config-chain-1.1.13.tgz",
			"integrity": "sha512-qj+f8APARXHrM0hraqXYb2/bOVSV4PvJQlNZ/DVj0QrmNM2q2euizkeuVckQ57J+W0mRH6Hvi+k50M4Jul2VRQ==",
			"requires": {
				"ini": "^1.3.4",
				"proto-list": "~1.2.1"
			}
		},
		"decompress-response": {
			"version": "6.0.0",
			"resolved": "https://registry.npmjs.org/decompress-response/-/decompress-response-6.0.0.tgz",
			"integrity": "sha512-aW35yZM6Bb/4oJlZncMH2LCoZtJXTRxES17vE3hoRiowU2kWHaJKFkSBDnDR+cm9J+9QhXmREyIfv0pji9ejCQ==",
			"requires": {
				"mimic-response": "^3.1.0"
			},
			"dependencies": {
				"mimic-response": {
					"version": "3.1.0",
					"resolved": "https://registry.npmjs.org/mimic-response/-/mimic-response-3.1.0.tgz",
					"integrity": "sha512-z0yWI+4FDrrweS8Zmt4Ej5HdJmky15+L2e6Wgn3+iK5fWzb6T3fhNFq2+MeTRb064c6Wr4N/wv0DzQTjNzHNGQ=="
				}
			}
		},
		"deep-extend": {
			"version": "0.6.0",
			"resolved": "https://registry.npmjs.org/deep-extend/-/deep-extend-0.6.0.tgz",
			"integrity": "sha512-LOHxIOaPYdHlJRtCQfDIVZtfw/ufM8+rVj649RIHzcm/vGwQRXFt6OPqIFWsm2XEMrNIEtWR64sY1LEKD2vAOA=="
		},
		"defer-to-connect": {
			"version": "2.0.1",
			"resolved": "https://registry.npmjs.org/defer-to-connect/-/defer-to-connect-2.0.1.tgz",
			"integrity": "sha512-4tvttepXG1VaYGrRibk5EwJd1t4udunSOVMdLSAL6mId1ix438oPwPZMALY41FCijukO1L0twNcGsdzS7dHgDg=="
		},
		"emoji-regex": {
			"version": "8.0.0",
			"resolved": "https://registry.npmjs.org/emoji-regex/-/emoji-regex-8.0.0.tgz",
			"integrity": "sha512-MSjYzcWNOA0ewAHpz0MxpYFvwg6yjy1NG3xteoqz644VCo/RPgnr1/GGt+ic3iJTzQ8Eu3TdM14SawnVUmGE6A=="
		},
		"escalade": {
			"version": "3.1.1",
			"resolved": "https://registry.npmjs.org/escalade/-/escalade-3.1.1.tgz",
			"integrity": "sha512-k0er2gUkLf8O0zKJiAhmkTnJlTvINGv7ygDNPbeIsX/TJjGJZHuh9B2UxbsaEkmlEo9MfhrSzmhIlhRlI2GXnw=="
		},
		"form-data-encoder": {
			"version": "2.1.3",
			"resolved": "https://registry.npmjs.org/form-data-encoder/-/form-data-encoder-2.1.3.tgz",
			"integrity": "sha512-KqU0nnPMgIJcCOFTNJFEA8epcseEaoox4XZffTgy8jlI6pL/5EFyR54NRG7CnCJN0biY7q52DO3MH6/sJ/TKlQ=="
		},
		"get-caller-file": {
			"version": "2.0.5",
			"resolved": "https://registry.npmjs.org/get-caller-file/-/get-caller-file-2.0.5.tgz",
			"integrity": "sha512-DyFP3BM/3YHTQOCUL/w0OZHR0lpKeGrxotcHWcqNEdnltqFwXVfhEBQ94eIo34AfQpo0rGki4cyIiftY06h2Fg=="
		},
		"get-stream": {
			"version": "6.0.1",
			"resolved": "https://registry.npmjs.org/get-stream/-/get-stream-6.0.1.tgz",
			"integrity": "sha512-ts6Wi+2j3jQjqi70w5AlN8DFnkSwC+MqmxEzdEALB2qXZYV3X/b1CTfgPLGJNMeAWxdPfU8FO1ms3NUfaHCPYg=="
		},
		"got": {
			"version": "12.5.2",
			"resolved": "https://registry.npmjs.org/got/-/got-12.5.2.tgz",
			"integrity": "sha512-guHGMSEcsA5m1oPRweXUJnug0vuvlkX9wx5hzOka+ZBrBUOJHU0Z1JcNu3QE5IPGnA5aXUsQHdWOD4eJg9/v3A==",
			"requires": {
				"@sindresorhus/is": "^5.2.0",
				"@szmarczak/http-timer": "^5.0.1",
				"cacheable-lookup": "^7.0.0",
				"cacheable-request": "^10.2.1",
				"decompress-response": "^6.0.0",
				"form-data-encoder": "^2.1.2",
				"get-stream": "^6.0.1",
				"http2-wrapper": "^2.1.10",
				"lowercase-keys": "^3.0.0",
				"p-cancelable": "^3.0.0",
				"responselike": "^3.0.0"
			}
		},
		"graceful-fs": {
			"version": "4.2.10",
			"resolved": "https://registry.npmjs.org/graceful-fs/-/graceful-fs-4.2.10.tgz",
			"integrity": "sha512-9ByhssR2fPVsNZj478qUUbKfmL0+t5BDVyjShtyZZLiK7ZDAArFFfopyOTj0M05wE2tJPisA4iTnnXl2YoPvOA=="
		},
		"http-cache-semantics": {
			"version": "4.1.1",
			"resolved": "https://registry.npmjs.org/http-cache-semantics/-/http-cache-semantics-4.1.1.tgz",
			"integrity": "sha512-er295DKPVsV82j5kw1Gjt+ADA/XYHsajl82cGNQG2eyoPkvgUhX+nDIyelzhIWbbsXP39EHcI6l5tYs2FYqYXQ=="
		},
		"http2-wrapper": {
			"version": "2.1.11",
			"resolved": "https://registry.npmjs.org/http2-wrapper/-/http2-wrapper-2.1.11.tgz",
			"integrity": "sha512-aNAk5JzLturWEUiuhAN73Jcbq96R7rTitAoXV54FYMatvihnpD2+6PUgU4ce3D/m5VDbw+F5CsyKSF176ptitQ==",
			"requires": {
				"quick-lru": "^5.1.1",
				"resolve-alpn": "^1.2.0"
			}
		},
		"ini": {
			"version": "1.3.8",
			"resolved": "https://registry.npmjs.org/ini/-/ini-1.3.8.tgz",
			"integrity": "sha512-JV/yugV2uzW5iMRSiZAyDtQd+nxtUnjeLt0acNdw98kKLrvuRVyB80tsREOE7yvGVgalhZ6RNXCmEHkUKBKxew=="
		},
		"is-fullwidth-code-point": {
			"version": "3.0.0",
			"resolved": "https://registry.npmjs.org/is-fullwidth-code-point/-/is-fullwidth-code-point-3.0.0.tgz",
			"integrity": "sha512-zymm5+u+sCsSWyD9qNaejV3DFvhCKclKdizYaJUuHA83RLjb7nSuGnddCHGv0hk+KY7BMAlsWeK4Ueg6EV6XQg=="
		},
		"json-buffer": {
			"version": "3.0.1",
			"resolved": "https://registry.npmjs.org/json-buffer/-/json-buffer-3.0.1.tgz",
			"integrity": "sha512-4bV5BfR2mqfQTJm+V5tPPdf+ZpuhiIvTuAB5g8kcrXOZpTT/QwwVRWBywX1ozr6lEuPdbHxwaJlm9G6mI2sfSQ=="
		},
		"keyv": {
			"version": "4.5.2",
			"resolved": "https://registry.npmjs.org/keyv/-/keyv-4.5.2.tgz",
			"integrity": "sha512-5MHbFaKn8cNSmVW7BYnijeAVlE4cYA/SVkifVgrh7yotnfhKmjuXpDKjrABLnT0SfHWV21P8ow07OGfRrNDg8g==",
			"requires": {
				"json-buffer": "3.0.1"
			}
		},
		"latest-version": {
			"version": "7.0.0",
			"resolved": "https://registry.npmjs.org/latest-version/-/latest-version-7.0.0.tgz",
			"integrity": "sha512-KvNT4XqAMzdcL6ka6Tl3i2lYeFDgXNCuIX+xNx6ZMVR1dFq+idXd9FLKNMOIx0t9mJ9/HudyX4oZWXZQ0UJHeg==",
			"requires": {
				"package-json": "^8.1.0"
			}
		},
		"lowercase-keys": {
			"version": "3.0.0",
			"resolved": "https://registry.npmjs.org/lowercase-keys/-/lowercase-keys-3.0.0.tgz",
			"integrity": "sha512-ozCC6gdQ+glXOQsveKD0YsDy8DSQFjDTz4zyzEHNV5+JP5D62LmfDZ6o1cycFx9ouG940M5dE8C8CTewdj2YWQ=="
		},
		"lru-cache": {
			"version": "6.0.0",
			"resolved": "https://registry.npmjs.org/lru-cache/-/lru-cache-6.0.0.tgz",
			"integrity": "sha512-Jo6dJ04CmSjuznwJSS3pUeWmd/H0ffTlkXXgwZi+eq1UCmqQwCh+eLsYOYCwY991i2Fah4h1BEMCx4qThGbsiA==",
			"requires": {
				"yallist": "^4.0.0"
			}
		},
		"lsif-protocol": {
			"version": "0.6.0-next.7",
			"resolved": "https://registry.npmjs.org/lsif-protocol/-/lsif-protocol-0.6.0-next.7.tgz",
			"integrity": "sha512-P67czn1sCa4EhEFlRJWabieHB2poIuRHRO06mR5lLsTk0HqMrbM9McJaXlAJwOMylaxZ0HPpHrT9ij9BA4tzyw==",
			"requires": {
				"vscode-languageserver-protocol": "^3.16.0"
			}
		},
		"mimic-response": {
			"version": "4.0.0",
			"resolved": "https://registry.npmjs.org/mimic-response/-/mimic-response-4.0.0.tgz",
			"integrity": "sha512-e5ISH9xMYU0DzrT+jl8q2ze9D6eWBto+I8CNpe+VI+K2J/F/k3PdkdTdz4wvGVH4NTpo+NRYTVIuMQEMMcsLqg=="
		},
		"minimist": {
			"version": "1.2.7",
			"resolved": "https://registry.npmjs.org/minimist/-/minimist-1.2.7.tgz",
			"integrity": "sha512-bzfL1YUZsP41gmu/qjrEk0Q6i2ix/cVeAhbCbqH9u3zYutS1cLg00qhrD0M2MVdCcx4Sc0UpP2eBWo9rotpq6g=="
		},
		"normalize-url": {
			"version": "8.0.0",
			"resolved": "https://registry.npmjs.org/normalize-url/-/normalize-url-8.0.0.tgz",
			"integrity": "sha512-uVFpKhj5MheNBJRTiMZ9pE/7hD1QTeEvugSJW/OmLzAp78PB5O6adfMNTvmfKhXBkvCzC+rqifWcVYpGFwTjnw=="
		},
		"p-cancelable": {
			"version": "3.0.0",
			"resolved": "https://registry.npmjs.org/p-cancelable/-/p-cancelable-3.0.0.tgz",
			"integrity": "sha512-mlVgR3PGuzlo0MmTdk4cXqXWlwQDLnONTAg6sm62XkMJEiRxN3GL3SffkYvqwonbkJBcrI7Uvv5Zh9yjvn2iUw=="
		},
		"package-json": {
			"version": "8.1.0",
			"resolved": "https://registry.npmjs.org/package-json/-/package-json-8.1.0.tgz",
			"integrity": "sha512-hySwcV8RAWeAfPsXb9/HGSPn8lwDnv6fabH+obUZKX169QknRkRhPxd1yMubpKDskLFATkl3jHpNtVtDPFA0Wg==",
			"requires": {
				"got": "^12.1.0",
				"registry-auth-token": "^5.0.1",
				"registry-url": "^6.0.0",
				"semver": "^7.3.7"
			}
		},
		"proto-list": {
			"version": "1.2.4",
			"resolved": "https://registry.npmjs.org/proto-list/-/proto-list-1.2.4.tgz",
			"integrity": "sha512-vtK/94akxsTMhe0/cbfpR+syPuszcuwhqVjJq26CuNDgFGj682oRBXOP5MJpv2r7JtE8MsiepGIqvvOTBwn2vA=="
		},
		"quick-lru": {
			"version": "5.1.1",
			"resolved": "https://registry.npmjs.org/quick-lru/-/quick-lru-5.1.1.tgz",
			"integrity": "sha512-WuyALRjWPDGtt/wzJiadO5AXY+8hZ80hVpe6MyivgraREW751X3SbhRvG3eLKOYN+8VEvqLcf3wdnt44Z4S4SA=="
		},
		"rc": {
			"version": "1.2.8",
			"resolved": "https://registry.npmjs.org/rc/-/rc-1.2.8.tgz",
			"integrity": "sha512-y3bGgqKj3QBdxLbLkomlohkvsA8gdAiUQlSBJnBhfn+BPxg4bc62d8TcBW15wavDfgexCgccckhcZvywyQYPOw==",
			"requires": {
				"deep-extend": "^0.6.0",
				"ini": "~1.3.0",
				"minimist": "^1.2.0",
				"strip-json-comments": "~2.0.1"
			}
		},
		"registry-auth-token": {
			"version": "5.0.1",
			"resolved": "https://registry.npmjs.org/registry-auth-token/-/registry-auth-token-5.0.1.tgz",
			"integrity": "sha512-UfxVOj8seK1yaIOiieV4FIP01vfBDLsY0H9sQzi9EbbUdJiuuBjJgLa1DpImXMNPnVkBD4eVxTEXcrZA6kfpJA==",
			"requires": {
				"@pnpm/npm-conf": "^1.0.4"
			}
		},
		"registry-url": {
			"version": "6.0.1",
			"resolved": "https://registry.npmjs.org/registry-url/-/registry-url-6.0.1.tgz",
			"integrity": "sha512-+crtS5QjFRqFCoQmvGduwYWEBng99ZvmFvF+cUJkGYF1L1BfU8C6Zp9T7f5vPAwyLkUExpvK+ANVZmGU49qi4Q==",
			"requires": {
				"rc": "1.2.8"
			}
		},
		"require-directory": {
			"version": "2.1.1",
			"resolved": "https://registry.npmjs.org/require-directory/-/require-directory-2.1.1.tgz",
			"integrity": "sha1-jGStX9MNqxyXbiNE/+f3kqam30I="
		},
		"resolve-alpn": {
			"version": "1.2.1",
			"resolved": "https://registry.npmjs.org/resolve-alpn/-/resolve-alpn-1.2.1.tgz",
			"integrity": "sha512-0a1F4l73/ZFZOakJnQ3FvkJ2+gSTQWz/r2KE5OdDY0TxPm5h4GkqkWWfM47T7HsbnOtcJVEF4epCVy6u7Q3K+g=="
		},
		"responselike": {
			"version": "3.0.0",
			"resolved": "https://registry.npmjs.org/responselike/-/responselike-3.0.0.tgz",
			"integrity": "sha512-40yHxbNcl2+rzXvZuVkrYohathsSJlMTXKryG5y8uciHv1+xDLHQpgjG64JUO9nrEq2jGLH6IZ8BcZyw3wrweg==",
			"requires": {
				"lowercase-keys": "^3.0.0"
			}
		},
		"semver": {
			"version": "7.5.3",
			"resolved": "https://registry.npmjs.org/semver/-/semver-7.5.3.tgz",
			"integrity": "sha512-QBlUtyVk/5EeHbi7X0fw6liDZc7BBmEaSYn01fMU1OUYbf6GPsbTtd8WmnqbI20SeycoHSeiybkE/q1Q+qlThQ==",
			"requires": {
				"lru-cache": "^6.0.0"
			}
		},
		"string-width": {
			"version": "4.2.3",
			"resolved": "https://registry.npmjs.org/string-width/-/string-width-4.2.3.tgz",
			"integrity": "sha512-wKyQRQpjJ0sIp62ErSZdGsjMJWsap5oRNihHhu6G7JVO/9jIB6UyevL+tXuOqrng8j/cxKTWyWUwvSTriiZz/g==",
			"requires": {
				"emoji-regex": "^8.0.0",
				"is-fullwidth-code-point": "^3.0.0",
				"strip-ansi": "^6.0.1"
			}
		},
		"strip-ansi": {
			"version": "6.0.1",
			"resolved": "https://registry.npmjs.org/strip-ansi/-/strip-ansi-6.0.1.tgz",
			"integrity": "sha512-Y38VPSHcqkFrCpFnQ9vuSXmquuv5oXOKpGeT6aGrr3o3Gc9AlVa6JBfUSOCnbxGGZF+/0ooI7KrPuUSztUdU5A==",
			"requires": {
				"ansi-regex": "^5.0.1"
			}
		},
		"strip-json-comments": {
			"version": "2.0.1",
			"resolved": "https://registry.npmjs.org/strip-json-comments/-/strip-json-comments-2.0.1.tgz",
			"integrity": "sha512-4gB8na07fecVVkOI6Rs4e7T6NOTki5EmL7TUduTs6bu3EdnSycntVJ4re8kgZA+wx9IueI2Y11bfbgwtzuE0KQ=="
		},
		"typescript": {
			"version": "https://github.com/dbaeumer/TypeScript/releases/download/4.8.4-lsif.1/lsif-typescript-4.8.4-lsif.1.tgz",
			"integrity": "sha512-rQ0oMxgUP87JK8UiZbruZ5Q7W7jSaE2Hrq/GdM3J1aOZl21JfDvb1Usl/DFxNbssBnPLvFVlmPBaarHZjkA1mw=="
		},
		"uuid": {
			"version": "9.0.0",
			"resolved": "https://registry.npmjs.org/uuid/-/uuid-9.0.0.tgz",
			"integrity": "sha512-MXcSTerfPa4uqyzStbRoTgt5XIe3x5+42+q1sDuy3R5MDk66URdLMOZe5aPX/SQd+kuYAh0FdP/pO28IkQyTeg=="
		},
		"vscode-jsonrpc": {
			"version": "6.0.0",
			"resolved": "https://registry.npmjs.org/vscode-jsonrpc/-/vscode-jsonrpc-6.0.0.tgz",
			"integrity": "sha512-wnJA4BnEjOSyFMvjZdpiOwhSq9uDoK8e/kpRJDTaMYzwlkrhG1fwDIZI94CLsLzlCK5cIbMMtFlJlfR57Lavmg=="
		},
		"vscode-languageserver-protocol": {
			"version": "3.16.0",
			"resolved": "https://registry.npmjs.org/vscode-languageserver-protocol/-/vscode-languageserver-protocol-3.16.0.tgz",
			"integrity": "sha512-sdeUoAawceQdgIfTI+sdcwkiK2KU+2cbEYA0agzM2uqaUy2UpnnGHtWTHVEtS0ES4zHU0eMFRGN+oQgDxlD66A==",
			"requires": {
				"vscode-jsonrpc": "6.0.0",
				"vscode-languageserver-types": "3.16.0"
			}
		},
		"vscode-languageserver-types": {
			"version": "3.16.0",
			"resolved": "https://registry.npmjs.org/vscode-languageserver-types/-/vscode-languageserver-types-3.16.0.tgz",
			"integrity": "sha512-k8luDIWJWyenLc5ToFQQMaSrqCHiLwyKPHKPQZ5zz21vM+vIVUSvsRpcbiECH4WR88K2XZqc4ScRcZ7nk/jbeA=="
		},
		"vscode-uri": {
			"version": "3.0.7",
			"resolved": "https://registry.npmjs.org/vscode-uri/-/vscode-uri-3.0.7.tgz",
			"integrity": "sha512-eOpPHogvorZRobNqJGhapa0JdwaxpjVvyBp0QIUMRMSf8ZAlqOdEquKuRmw9Qwu0qXtJIWqFtMkmvJjUZmMjVA=="
		},
		"wrap-ansi": {
			"version": "7.0.0",
			"resolved": "https://registry.npmjs.org/wrap-ansi/-/wrap-ansi-7.0.0.tgz",
			"integrity": "sha512-YVGIj2kamLSTxw6NsZjoBxfSwsn0ycdesmc4p+Q21c5zPuZ1pl+NfxVdxPtdHvmNVOQ6XSYG4AUtyt/Fi7D16Q==",
			"requires": {
				"ansi-styles": "^4.0.0",
				"string-width": "^4.1.0",
				"strip-ansi": "^6.0.0"
			}
		},
		"y18n": {
			"version": "5.0.5",
			"resolved": "https://registry.npmjs.org/y18n/-/y18n-5.0.5.tgz",
			"integrity": "sha512-hsRUr4FFrvhhRH12wOdfs38Gy7k2FFzB9qgN9v3aLykRq0dRcdcpz5C9FxdS2NuhOrI/628b/KSTJ3rwHysYSg=="
		},
		"yallist": {
			"version": "4.0.0",
			"resolved": "https://registry.npmjs.org/yallist/-/yallist-4.0.0.tgz",
			"integrity": "sha512-3wdGidZyq5PB084XLES5TpOSRA3wjXAlIWMhum2kRcv/41Sn2emQ0dycQW4uZXLejwKvg6EsvbdlVL+FYEct7A=="
		},
		"yargs": {
			"version": "17.6.2",
			"resolved": "https://registry.npmjs.org/yargs/-/yargs-17.6.2.tgz",
			"integrity": "sha512-1/9UrdHjDZc0eOU0HxOHoS78C69UD3JRMvzlJ7S79S2nTaWRA/whGCTV8o9e/N/1Va9YIV7Q4sOxD8VV4pCWOw==",
			"requires": {
				"cliui": "^8.0.1",
				"escalade": "^3.1.1",
				"get-caller-file": "^2.0.5",
				"require-directory": "^2.1.1",
				"string-width": "^4.2.3",
				"y18n": "^5.0.5",
				"yargs-parser": "^21.1.1"
			}
		},
		"yargs-parser": {
			"version": "21.1.1",
			"resolved": "https://registry.npmjs.org/yargs-parser/-/yargs-parser-21.1.1.tgz",
			"integrity": "sha512-tVpsJW7DdjecAiFpbIB1e3qxIQsE6NoPc5/eTdrbbIC4h0LVsWhnoa3g+m2HclBIujHzsxZ4VJVA+GUuc2/LBw=="
		}
	}
}
