{
  "name": "samples",
  "version": "1.0.0",
  "lockfileVersion": 2,
  "requires": true,
  "packages": {
    "": {
      "name": "samples",
      "version": "1.0.0",
      "license": "MIT",
      "dependencies": {
        "is": "3.2.1"
      }
    },
    "node_modules/is": {
      "version": "3.2.1",
      "resolved": "https://registry.npmjs.org/is/-/is-3.2.1.tgz",
      "integrity": "sha1-0Kwq1V63sL7JJqUmb2xmKqqD3KU=",
      "engines": {
        "node": "*"
      }
    }
  },
  "dependencies": {
    "is": {
      "version": "3.2.1",
      "resolved": "https://registry.npmjs.org/is/-/is-3.2.1.tgz",
      "integrity": "sha1-0Kwq1V63sL7JJqUmb2xmKqqD3KU="
    }
  }
}
