{
	"name": "lsif-tsc-tests",
	"version": "0.5.1",
	"lockfileVersion": 2,
	"requires": true,
	"packages": {
		"": {
			"name": "lsif-tsc-tests",
			"version": "0.5.1",
			"license": "MIT",
			"dependencies": {
				"vscode-uri": "^3.0.8"
			},
			"devDependencies": {
				"@types/mocha": "^10.0.10",
				"@types/node": "24.1.0"
			}
		},
		"node_modules/@types/mocha": {
			"version": "10.0.10",
			"resolved": "https://registry.npmjs.org/@types/mocha/-/mocha-10.0.10.tgz",
			"integrity": "sha512-xPyYSz1cMPnJQhl0CLMH68j3gprKZaTjG3s5Vi+fDgx+uhG9NOXwbVt52eFS8ECyXhyKcjDLCBEqBExKuiZb7Q==",
			"dev": true,
			"license": "MIT"
		},
		"node_modules/@types/node": {
			"version": "24.1.0",
			"resolved": "https://registry.npmjs.org/@types/node/-/node-24.1.0.tgz",
			"integrity": "sha512-ut5FthK5moxFKH2T1CUOC6ctR67rQRvvHdFLCD2Ql6KXmMuCrjsSsRI9UsLCm9M18BMwClv4pn327UvB7eeO1w==",
			"dev": true,
			"license": "MIT",
			"dependencies": {
				"undici-types": "~7.8.0"
			}
		},
		"node_modules/undici-types": {
			"version": "7.8.0",
			"resolved": "https://registry.npmjs.org/undici-types/-/undici-types-7.8.0.tgz",
			"integrity": "sha512-9UJ2xGDvQ43tYyVMpuHlsgApydB8ZKfVYTsLDhXkFL/6gfkp+U8xTGdh8pMJv1SpZna0zxG1DwsKZsreLbXBxw==",
			"dev": true,
			"license": "MIT"
		},
		"node_modules/vscode-uri": {
			"version": "3.0.8",
			"resolved": "https://registry.npmjs.org/vscode-uri/-/vscode-uri-3.0.8.tgz",
			"integrity": "sha512-AyFQ0EVmsOZOlAnxoFOGOq1SQDWAB7C6aqMGS23svWAllfOaxbuFvcT8D1i8z3Gyn8fraVeZNNmN6e9bxxXkKw=="
		}
	},
	"dependencies": {
		"@types/mocha": {
			"version": "10.0.10",
			"resolved": "https://registry.npmjs.org/@types/mocha/-/mocha-10.0.10.tgz",
			"integrity": "sha512-xPyYSz1cMPnJQhl0CLMH68j3gprKZaTjG3s5Vi+fDgx+uhG9NOXwbVt52eFS8ECyXhyKcjDLCBEqBExKuiZb7Q==",
			"dev": true
		},
		"@types/node": {
			"version": "24.1.0",
			"resolved": "https://registry.npmjs.org/@types/node/-/node-24.1.0.tgz",
			"integrity": "sha512-ut5FthK5moxFKH2T1CUOC6ctR67rQRvvHdFLCD2Ql6KXmMuCrjsSsRI9UsLCm9M18BMwClv4pn327UvB7eeO1w==",
			"dev": true,
			"requires": {
				"undici-types": "~7.8.0"
			}
		},
		"undici-types": {
			"version": "7.8.0",
			"resolved": "https://registry.npmjs.org/undici-types/-/undici-types-7.8.0.tgz",
			"integrity": "sha512-9UJ2xGDvQ43tYyVMpuHlsgApydB8ZKfVYTsLDhXkFL/6gfkp+U8xTGdh8pMJv1SpZna0zxG1DwsKZsreLbXBxw==",
			"dev": true
		},
		"vscode-uri": {
			"version": "3.0.8",
			"resolved": "https://registry.npmjs.org/vscode-uri/-/vscode-uri-3.0.8.tgz",
			"integrity": "sha512-AyFQ0EVmsOZOlAnxoFOGOq1SQDWAB7C6aqMGS23svWAllfOaxbuFvcT8D1i8z3Gyn8fraVeZNNmN6e9bxxXkKw=="
		}
	}
}
