{
	"name": "lsif-tsc-tests",
	"version": "0.5.1",
	"lockfileVersion": 2,
	"requires": true,
	"packages": {
		"": {
			"name": "lsif-tsc-tests",
			"version": "0.5.1",
			"license": "MIT",
			"dependencies": {
				"vscode-uri": "^3.0.8"
			},
			"devDependencies": {
				"@types/mocha": "^10.0.7",
				"@types/node": "22.19.15"
			}
		},
		"node_modules/@types/mocha": {
			"version": "10.0.7",
			"resolved": "https://registry.npmjs.org/@types/mocha/-/mocha-10.0.7.tgz",
			"integrity": "sha512-GN8yJ1mNTcFcah/wKEFIJckJx9iJLoMSzWcfRRuxz/Jk+U6KQNnml+etbtxFK8lPjzOw3zp4Ha/kjSst9fsHYw==",
			"dev": true,
			"license": "MIT"
		},
		"node_modules/@types/node": {
			"version": "22.19.15",
			"resolved": "https://registry.npmjs.org/@types/node/-/node-22.19.15.tgz",
			"integrity": "sha512-F0R/h2+dsy5wJAUe3tAU6oqa2qbWY5TpNfL/RGmo1y38hiyO1w3x2jPtt76wmuaJI4DQnOBu21cNXQ2STIUUWg==",
			"dev": true,
			"license": "MIT",
			"dependencies": {
				"undici-types": "~6.21.0"
			}
		},
		"node_modules/undici-types": {
			"version": "6.21.0",
			"resolved": "https://registry.npmjs.org/undici-types/-/undici-types-6.21.0.tgz",
			"integrity": "sha512-iwDZqg0QAGrg9Rav5H4n0M64c3mkR59cJ6wQp+7C4nI0gsmExaedaYLNO44eT4AtBBwjbTiGPMlt2Md0T9H9JQ==",
			"dev": true,
			"license": "MIT"
		},
		"node_modules/vscode-uri": {
			"version": "3.0.8",
			"resolved": "https://registry.npmjs.org/vscode-uri/-/vscode-uri-3.0.8.tgz",
			"integrity": "sha512-AyFQ0EVmsOZOlAnxoFOGOq1SQDWAB7C6aqMGS23svWAllfOaxbuFvcT8D1i8z3Gyn8fraVeZNNmN6e9bxxXkKw=="
		}
	},
	"dependencies": {
		"@types/mocha": {
			"version": "10.0.7",
			"resolved": "https://registry.npmjs.org/@types/mocha/-/mocha-10.0.7.tgz",
			"integrity": "sha512-GN8yJ1mNTcFcah/wKEFIJckJx9iJLoMSzWcfRRuxz/Jk+U6KQNnml+etbtxFK8lPjzOw3zp4Ha/kjSst9fsHYw==",
			"dev": true
		},
		"@types/node": {
			"version": "22.19.15",
			"resolved": "https://registry.npmjs.org/@types/node/-/node-22.19.15.tgz",
			"integrity": "sha512-F0R/h2+dsy5wJAUe3tAU6oqa2qbWY5TpNfL/RGmo1y38hiyO1w3x2jPtt76wmuaJI4DQnOBu21cNXQ2STIUUWg==",
			"dev": true,
			"requires": {
				"undici-types": "~6.21.0"
			}
		},
		"undici-types": {
			"version": "6.21.0",
			"resolved": "https://registry.npmjs.org/undici-types/-/undici-types-6.21.0.tgz",
			"integrity": "sha512-iwDZqg0QAGrg9Rav5H4n0M64c3mkR59cJ6wQp+7C4nI0gsmExaedaYLNO44eT4AtBBwjbTiGPMlt2Md0T9H9JQ==",
			"dev": true
		},
		"vscode-uri": {
			"version": "3.0.8",
			"resolved": "https://registry.npmjs.org/vscode-uri/-/vscode-uri-3.0.8.tgz",
			"integrity": "sha512-AyFQ0EVmsOZOlAnxoFOGOq1SQDWAB7C6aqMGS23svWAllfOaxbuFvcT8D1i8z3Gyn8fraVeZNNmN6e9bxxXkKw=="
		}
	}
}
