{
	"name": "lsif-tsc-tests",
	"version": "0.5.1",
	"lockfileVersion": 2,
	"requires": true,
	"packages": {
		"": {
			"name": "lsif-tsc-tests",
			"version": "0.5.1",
			"license": "MIT",
			"dependencies": {
				"vscode-uri": "^3.0.8"
			},
			"devDependencies": {
				"@types/mocha": "^10.0.7"
			}
		},
		"node_modules/@types/mocha": {
			"version": "10.0.7",
			"resolved": "https://registry.npmjs.org/@types/mocha/-/mocha-10.0.7.tgz",
			"integrity": "sha512-GN8yJ1mNTcFcah/wKEFIJckJx9iJLoMSzWcfRRuxz/Jk+U6KQNnml+etbtxFK8lPjzOw3zp4Ha/kjSst9fsHYw==",
			"dev": true,
			"license": "MIT"
		},
		"node_modules/vscode-uri": {
			"version": "3.0.8",
			"resolved": "https://registry.npmjs.org/vscode-uri/-/vscode-uri-3.0.8.tgz",
			"integrity": "sha512-AyFQ0EVmsOZOlAnxoFOGOq1SQDWAB7C6aqMGS23svWAllfOaxbuFvcT8D1i8z3Gyn8fraVeZNNmN6e9bxxXkKw=="
		}
	},
	"dependencies": {
		"@types/mocha": {
			"version": "10.0.7",
			"resolved": "https://registry.npmjs.org/@types/mocha/-/mocha-10.0.7.tgz",
			"integrity": "sha512-GN8yJ1mNTcFcah/wKEFIJckJx9iJLoMSzWcfRRuxz/Jk+U6KQNnml+etbtxFK8lPjzOw3zp4Ha/kjSst9fsHYw==",
			"dev": true
		},
		"vscode-uri": {
			"version": "3.0.8",
			"resolved": "https://registry.npmjs.org/vscode-uri/-/vscode-uri-3.0.8.tgz",
			"integrity": "sha512-AyFQ0EVmsOZOlAnxoFOGOq1SQDWAB7C6aqMGS23svWAllfOaxbuFvcT8D1i8z3Gyn8fraVeZNNmN6e9bxxXkKw=="
		}
	}
}
