{
	"name": "lsif-sqlite",
	"version": "0.4.5",
	"lockfileVersion": 1,
	"requires": true,
	"dependencies": {
		"@types/better-sqlite3": {
			"version": "5.4.0",
			"resolved": "https://registry.npmjs.org/@types/better-sqlite3/-/better-sqlite3-5.4.0.tgz",
			"integrity": "sha512-nzm7lJ7l3jBmGUbtkL8cdOMhPkN6Pw2IM+b0V7iIKba+YKiLrjkIy7vVLsBIVnd7+lgzBzrHsXZxCaFTcmw5Ow==",
			"dev": true,
			"requires": {
				"@types/integer": "*"
			}
		},
		"@types/integer": {
			"version": "1.0.0",
			"resolved": "https://registry.npmjs.org/@types/integer/-/integer-1.0.0.tgz",
			"integrity": "sha512-3viiRKLoSP2Qr78nMoQjkDc0fan4BgmpOyV1+1gKjE8wWXo3QQ78WItO6f9WuBf3qe3ymDYhM65oqHTOZ0rFxw==",
			"dev": true
		},
		"@types/minimist": {
			"version": "1.2.0",
			"resolved": "https://registry.npmjs.org/@types/minimist/-/minimist-1.2.0.tgz",
			"integrity": "sha1-aaI6OtKcrwCX8G7aWbNh7i8GOfY=",
			"dev": true
		},
		"@types/node": {
			"version": "12.0.10",
			"resolved": "https://registry.npmjs.org/@types/node/-/node-12.0.10.tgz",
			"integrity": "sha512-LcsGbPomWsad6wmMNv7nBLw7YYYyfdYcz6xryKYQhx89c3XXan+8Q6AJ43G5XDIaklaVkK3mE4fCb0SBvMiPSQ==",
			"dev": true
		},
		"@types/uuid": {
			"version": "3.4.5",
			"resolved": "https://registry.npmjs.org/@types/uuid/-/uuid-3.4.5.tgz",
			"integrity": "sha512-MNL15wC3EKyw1VLF+RoVO4hJJdk9t/Hlv3rt1OL65Qvuadm4BYo6g9ZJQqoq7X8NBFSsQXgAujWciovh2lpVjA==",
			"dev": true,
			"requires": {
				"@types/node": "*"
			}
		},
		"better-sqlite3": {
			"version": "5.4.0",
			"resolved": "https://registry.npmjs.org/better-sqlite3/-/better-sqlite3-5.4.0.tgz",
			"integrity": "sha512-Uj1ZYOcq1GtFyFgJgqMVDoDLTy1B1pM9+bULnlX8szRX4cPjE/7JbKxCzQGhYlZlLkHQvtXXhCZ3skqsQ2byMA==",
			"requires": {
				"integer": "^2.1.0",
				"tar": "^4.4.6"
			}
		},
		"chownr": {
			"version": "1.1.1",
			"resolved": "https://registry.npmjs.org/chownr/-/chownr-1.1.1.tgz",
			"integrity": "sha512-j38EvO5+LHX84jlo6h4UzmOwi0UgW61WRyPtJz4qaadK5eY3BTS5TY/S1Stc3Uk2lIM6TPevAlULiEJwie860g=="
		},
		"fs-minipass": {
			"version": "1.2.5",
			"resolved": "https://registry.npmjs.org/fs-minipass/-/fs-minipass-1.2.5.tgz",
			"integrity": "sha512-JhBl0skXjUPCFH7x6x61gQxrKyXsxB5gcgePLZCwfyCGGsTISMoIeObbrvVeP6Xmyaudw4TT43qV2Gz+iyd2oQ==",
			"requires": {
				"minipass": "^2.2.1"
			}
		},
		"integer": {
			"version": "2.1.0",
			"resolved": "https://registry.npmjs.org/integer/-/integer-2.1.0.tgz",
			"integrity": "sha512-vBtiSgrEiNocWvvZX1RVfeOKa2mCHLZQ2p9nkQkQZ/BvEiY+6CcUz0eyjvIiewjJoeNidzg2I+tpPJvpyspL1w=="
		},
		"lsif-protocol": {
			"version": "0.4.3",
			"resolved": "https://registry.npmjs.org/lsif-protocol/-/lsif-protocol-0.4.3.tgz",
			"integrity": "sha512-VePb+EbdturiWmGw1dh7G7z7OmhT6aBzqU42cqJLEk2QTMTbnN6ySIp1IiffNmD9jLX3NAtNSz1c85zpcZN6pw==",
			"requires": {
				"vscode-languageserver-protocol": "^3.14.1"
			}
		},
		"minimist": {
			"version": "1.2.0",
			"resolved": "https://registry.npmjs.org/minimist/-/minimist-1.2.0.tgz",
			"integrity": "sha1-o1AIsg9BOD7sH7kU9M1d95omQoQ="
		},
		"minipass": {
			"version": "2.3.5",
			"resolved": "https://registry.npmjs.org/minipass/-/minipass-2.3.5.tgz",
			"integrity": "sha512-Gi1W4k059gyRbyVUZQ4mEqLm0YIUiGYfvxhF6SIlk3ui1WVxMTGfGdQ2SInh3PDrRTVvPKgULkpJtT4RH10+VA==",
			"requires": {
				"safe-buffer": "^5.1.2",
				"yallist": "^3.0.0"
			}
		},
		"minizlib": {
			"version": "1.2.1",
			"resolved": "https://registry.npmjs.org/minizlib/-/minizlib-1.2.1.tgz",
			"integrity": "sha512-7+4oTUOWKg7AuL3vloEWekXY2/D20cevzsrNT2kGWm+39J9hGTCBv8VI5Pm5lXZ/o3/mdR4f8rflAPhnQb8mPA==",
			"requires": {
				"minipass": "^2.2.1"
			}
		},
		"mkdirp": {
			"version": "0.5.1",
			"resolved": "https://registry.npmjs.org/mkdirp/-/mkdirp-0.5.1.tgz",
			"integrity": "sha1-MAV0OOrGz3+MR2fzhkjWaX11yQM=",
			"requires": {
				"minimist": "0.0.8"
			},
			"dependencies": {
				"minimist": {
					"version": "0.0.8",
					"resolved": "https://registry.npmjs.org/minimist/-/minimist-0.0.8.tgz",
					"integrity": "sha1-hX/Kv8M5fSYluCKCYuhqp6ARsF0="
				}
			}
		},
		"safe-buffer": {
			"version": "5.1.2",
			"resolved": "https://registry.npmjs.org/safe-buffer/-/safe-buffer-5.1.2.tgz",
			"integrity": "sha512-Gd2UZBJDkXlY7GbJxfsE8/nvKkUEU1G38c1siN6QP6a9PT9MmHB8GnpscSmMJSoF8LOIrt8ud/wPtojys4G6+g=="
		},
		"tar": {
			"version": "4.4.8",
			"resolved": "https://registry.npmjs.org/tar/-/tar-4.4.8.tgz",
			"integrity": "sha512-LzHF64s5chPQQS0IYBn9IN5h3i98c12bo4NCO7e0sGM2llXQ3p2FGC5sdENN4cTW48O915Sh+x+EXx7XW96xYQ==",
			"requires": {
				"chownr": "^1.1.1",
				"fs-minipass": "^1.2.5",
				"minipass": "^2.3.4",
				"minizlib": "^1.1.1",
				"mkdirp": "^0.5.0",
				"safe-buffer": "^5.1.2",
				"yallist": "^3.0.2"
			}
		},
		"uuid": {
			"version": "3.3.2",
			"resolved": "https://registry.npmjs.org/uuid/-/uuid-3.3.2.tgz",
			"integrity": "sha512-yXJmeNaw3DnnKAOKJE51sL/ZaYfWJRl1pK9dr19YFCu0ObS231AB1/LbqTKRAQ5kw8A90rA6fr4riOUpTZvQZA=="
		},
		"vscode-jsonrpc": {
			"version": "4.0.0",
			"resolved": "https://registry.npmjs.org/vscode-jsonrpc/-/vscode-jsonrpc-4.0.0.tgz",
			"integrity": "sha512-perEnXQdQOJMTDFNv+UF3h1Y0z4iSiaN9jIlb0OqIYgosPCZGYh/MCUlkFtV2668PL69lRDO32hmvL2yiidUYg=="
		},
		"vscode-languageserver-protocol": {
			"version": "3.14.1",
			"resolved": "https://registry.npmjs.org/vscode-languageserver-protocol/-/vscode-languageserver-protocol-3.14.1.tgz",
			"integrity": "sha512-IL66BLb2g20uIKog5Y2dQ0IiigW0XKrvmWiOvc0yXw80z3tMEzEnHjaGAb3ENuU7MnQqgnYJ1Cl2l9RvNgDi4g==",
			"requires": {
				"vscode-jsonrpc": "^4.0.0",
				"vscode-languageserver-types": "3.14.0"
			}
		},
		"vscode-languageserver-types": {
			"version": "3.14.0",
			"resolved": "https://registry.npmjs.org/vscode-languageserver-types/-/vscode-languageserver-types-3.14.0.tgz",
			"integrity": "sha512-lTmS6AlAlMHOvPQemVwo3CezxBp0sNB95KNPkqp3Nxd5VFEnuG1ByM0zlRWos0zjO3ZWtkvhal0COgiV1xIA4A=="
		},
		"vscode-uri": {
			"version": "2.0.2",
			"resolved": "https://registry.npmjs.org/vscode-uri/-/vscode-uri-2.0.2.tgz",
			"integrity": "sha512-VebpIxm9tG0fG2sBOhnsSPzDYuNUPP1UQW4K3mwthlca4e4f3d6HKq3HkITC2OPFomOaB7pHTSjcpdFWjfYTzg=="
		},
		"yallist": {
			"version": "3.0.3",
			"resolved": "https://registry.npmjs.org/yallist/-/yallist-3.0.3.tgz",
			"integrity": "sha512-S+Zk8DEWE6oKpV+vI3qWkaK+jSbIK86pCwe2IF/xwIpQ8jEuxpw9NyaGjmp9+BoJv5FV2piqCDcoCtStppiq2A=="
		}
	}
}
