{
	"name": "lsif-sqlite",
	"version": "0.6.0-next.9",
	"lockfileVersion": 2,
	"requires": true,
	"packages": {
		"": {
			"name": "lsif-sqlite",
			"version": "0.6.0-next.9",
			"license": "MIT",
			"dependencies": {
				"better-sqlite3": "^13.0.3",
				"lsif-protocol": "0.6.0-next.7",
				"vscode-languageserver-types": "^3.17.5",
				"vscode-uri": "^3.1.0",
				"yargs": "^18.1.0"
			},
			"bin": {
				"lsif-sqlite": "bin/lsif-sqlite"
			},
			"devDependencies": {
				"@types/better-sqlite3": "^7.6.10",
				"@types/node": "22.19.15"
			}
		},
		"node_modules/@types/better-sqlite3": {
			"version": "7.6.13",
			"resolved": "https://registry.npmjs.org/@types/better-sqlite3/-/better-sqlite3-7.6.13.tgz",
			"integrity": "sha512-NMv9ASNARoKksWtsq/SHakpYAYnhBrQgGD8zkLYk/jaK8jUGn08CfEdTRgYhMypUQAfzSP8W6gNLe0q19/t4VA==",
			"dev": true,
			"license": "MIT",
			"dependencies": {
				"@types/node": "*"
			}
		},
		"node_modules/@types/node": {
			"version": "22.19.15",
			"resolved": "https://registry.npmjs.org/@types/node/-/node-22.19.15.tgz",
			"integrity": "sha512-F0R/h2+dsy5wJAUe3tAU6oqa2qbWY5TpNfL/RGmo1y38hiyO1w3x2jPtt76wmuaJI4DQnOBu21cNXQ2STIUUWg==",
			"dev": true,
			"license": "MIT",
			"dependencies": {
				"undici-types": "~6.21.0"
			}
		},
		"node_modules/ansi-regex": {
			"version": "6.3.0",
			"resolved": "https://registry.npmjs.org/ansi-regex/-/ansi-regex-6.3.0.tgz",
			"integrity": "sha512-WpDfL7NO6j7tH88IDBNVdUJxDh9nmCteAVW9dsep846XdwF4naCBK+/tGLX3KJgcpgMRXCFlTM2hKGoK9FsdrQ==",
			"license": "MIT",
			"engines": {
				"node": ">=12"
			},
			"funding": {
				"url": "https://github.com/chalk/ansi-regex?sponsor=1"
			}
		},
		"node_modules/ansi-styles": {
			"version": "6.2.3",
			"resolved": "https://registry.npmjs.org/ansi-styles/-/ansi-styles-6.2.3.tgz",
			"integrity": "sha512-4Dj6M28JB+oAH8kFkTLUo+a2jwOFkuqb3yucU0CANcRRUbxS0cP0nZYCGjcc3BNXwRIsUVmDGgzawme7zvJHvg==",
			"license": "MIT",
			"engines": {
				"node": ">=12"
			},
			"funding": {
				"url": "https://github.com/chalk/ansi-styles?sponsor=1"
			}
		},
		"node_modules/better-sqlite3": {
			"version": "13.0.3",
			"resolved": "https://registry.npmjs.org/better-sqlite3/-/better-sqlite3-13.0.3.tgz",
			"integrity": "sha512-RbOBxmLBG8uvFUc15X9+9SFemKcQ0WBuISBVkpuiaUB2qblC8UWlHEjdWVoZ8AdhSwmoEgsiXKfopX0CQxaACQ==",
			"license": "MIT",
			"dependencies": {
				"node-addon-api": "^8.0.0"
			},
			"engines": {
				"node": ">=22"
			}
		},
		"node_modules/cliui": {
			"version": "9.0.1",
			"resolved": "https://registry.npmjs.org/cliui/-/cliui-9.0.1.tgz",
			"integrity": "sha512-k7ndgKhwoQveBL+/1tqGJYNz097I7WOvwbmmU2AR5+magtbjPWQTS1C5vzGkBC8Ym8UWRzfKUzUUqFLypY4Q+w==",
			"license": "ISC",
			"dependencies": {
				"string-width": "^7.2.0",
				"strip-ansi": "^7.1.0",
				"wrap-ansi": "^9.0.0"
			},
			"engines": {
				"node": ">=20"
			}
		},
		"node_modules/cliui/node_modules/string-width": {
			"version": "7.2.0",
			"resolved": "https://registry.npmjs.org/string-width/-/string-width-7.2.0.tgz",
			"integrity": "sha512-tsaTIkKW9b4N+AEj+SVA+WhJzV7/zMhcSu78mLKWSk7cXMOSHsBKFWUs0fWwq8QyK3MgJBQRX6Gbi4kYbdvGkQ==",
			"license": "MIT",
			"dependencies": {
				"emoji-regex": "^10.3.0",
				"get-east-asian-width": "^1.0.0",
				"strip-ansi": "^7.1.0"
			},
			"engines": {
				"node": ">=18"
			},
			"funding": {
				"url": "https://github.com/sponsors/sindresorhus"
			}
		},
		"node_modules/emoji-regex": {
			"version": "10.6.0",
			"resolved": "https://registry.npmjs.org/emoji-regex/-/emoji-regex-10.6.0.tgz",
			"integrity": "sha512-toUI84YS5YmxW219erniWD0CIVOo46xGKColeNQRgOzDorgBi1v4D71/OFzgD9GO2UGKIv1C3Sp8DAn0+j5w7A==",
			"license": "MIT"
		},
		"node_modules/escalade": {
			"version": "3.1.1",
			"resolved": "https://registry.npmjs.org/escalade/-/escalade-3.1.1.tgz",
			"integrity": "sha512-k0er2gUkLf8O0zKJiAhmkTnJlTvINGv7ygDNPbeIsX/TJjGJZHuh9B2UxbsaEkmlEo9MfhrSzmhIlhRlI2GXnw==",
			"engines": {
				"node": ">=6"
			}
		},
		"node_modules/get-caller-file": {
			"version": "2.0.5",
			"resolved": "https://registry.npmjs.org/get-caller-file/-/get-caller-file-2.0.5.tgz",
			"integrity": "sha512-DyFP3BM/3YHTQOCUL/w0OZHR0lpKeGrxotcHWcqNEdnltqFwXVfhEBQ94eIo34AfQpo0rGki4cyIiftY06h2Fg==",
			"engines": {
				"node": "6.* || 8.* || >= 10.*"
			}
		},
		"node_modules/get-east-asian-width": {
			"version": "1.6.0",
			"resolved": "https://registry.npmjs.org/get-east-asian-width/-/get-east-asian-width-1.6.0.tgz",
			"integrity": "sha512-QRbvDIbx6YklUe6RxeTeleMR0yv3cYH6PsPZHcnVn7xv7zO1BHN8r0XETu8n6Ye3Q+ahtSarc3WgtNWmehIBfA==",
			"license": "MIT",
			"engines": {
				"node": ">=18"
			},
			"funding": {
				"url": "https://github.com/sponsors/sindresorhus"
			}
		},
		"node_modules/lsif-protocol": {
			"version": "0.6.0-next.7",
			"resolved": "https://registry.npmjs.org/lsif-protocol/-/lsif-protocol-0.6.0-next.7.tgz",
			"integrity": "sha512-P67czn1sCa4EhEFlRJWabieHB2poIuRHRO06mR5lLsTk0HqMrbM9McJaXlAJwOMylaxZ0HPpHrT9ij9BA4tzyw==",
			"dependencies": {
				"vscode-languageserver-protocol": "^3.16.0"
			}
		},
		"node_modules/node-addon-api": {
			"version": "8.9.2",
			"resolved": "https://registry.npmjs.org/node-addon-api/-/node-addon-api-8.9.2.tgz",
			"integrity": "sha512-VijLXbi3UACN69I0JVXJsX4tjACjNoQDgv2gTF6sx2wWEi8tkSg2eX8p5gSIFi8z2+DL3oHmY6OyKce38SDolg==",
			"license": "MIT",
			"engines": {
				"node": "^18 || ^20 || >= 21"
			}
		},
		"node_modules/string-width": {
			"version": "8.2.2",
			"resolved": "https://registry.npmjs.org/string-width/-/string-width-8.2.2.tgz",
			"integrity": "sha512-GaPUh5gfdrYzqeVNZvUfT23vYYxXzKYidUcnMtJg/3rxRV63EFZy3k6xfKlmfeJD0176lnUV/Usr3XcwSvFzpg==",
			"license": "MIT",
			"dependencies": {
				"get-east-asian-width": "^1.5.0",
				"strip-ansi": "^7.1.2"
			},
			"engines": {
				"node": ">=20"
			},
			"funding": {
				"url": "https://github.com/sponsors/sindresorhus"
			}
		},
		"node_modules/strip-ansi": {
			"version": "7.2.0",
			"resolved": "https://registry.npmjs.org/strip-ansi/-/strip-ansi-7.2.0.tgz",
			"integrity": "sha512-yDPMNjp4WyfYBkHnjIRLfca1i6KMyGCtsVgoKe/z1+6vukgaENdgGBZt+ZmKPc4gavvEZ5OgHfHdrazhgNyG7w==",
			"license": "MIT",
			"dependencies": {
				"ansi-regex": "^6.2.2"
			},
			"engines": {
				"node": ">=12"
			},
			"funding": {
				"url": "https://github.com/chalk/strip-ansi?sponsor=1"
			}
		},
		"node_modules/undici-types": {
			"version": "6.21.0",
			"resolved": "https://registry.npmjs.org/undici-types/-/undici-types-6.21.0.tgz",
			"integrity": "sha512-iwDZqg0QAGrg9Rav5H4n0M64c3mkR59cJ6wQp+7C4nI0gsmExaedaYLNO44eT4AtBBwjbTiGPMlt2Md0T9H9JQ==",
			"dev": true,
			"license": "MIT"
		},
		"node_modules/vscode-jsonrpc": {
			"version": "6.0.0",
			"resolved": "https://registry.npmjs.org/vscode-jsonrpc/-/vscode-jsonrpc-6.0.0.tgz",
			"integrity": "sha512-wnJA4BnEjOSyFMvjZdpiOwhSq9uDoK8e/kpRJDTaMYzwlkrhG1fwDIZI94CLsLzlCK5cIbMMtFlJlfR57Lavmg==",
			"engines": {
				"node": ">=8.0.0 || >=10.0.0"
			}
		},
		"node_modules/vscode-languageserver-protocol": {
			"version": "3.16.0",
			"resolved": "https://registry.npmjs.org/vscode-languageserver-protocol/-/vscode-languageserver-protocol-3.16.0.tgz",
			"integrity": "sha512-sdeUoAawceQdgIfTI+sdcwkiK2KU+2cbEYA0agzM2uqaUy2UpnnGHtWTHVEtS0ES4zHU0eMFRGN+oQgDxlD66A==",
			"dependencies": {
				"vscode-jsonrpc": "6.0.0",
				"vscode-languageserver-types": "3.16.0"
			}
		},
		"node_modules/vscode-languageserver-protocol/node_modules/vscode-languageserver-types": {
			"version": "3.16.0",
			"resolved": "https://registry.npmjs.org/vscode-languageserver-types/-/vscode-languageserver-types-3.16.0.tgz",
			"integrity": "sha512-k8luDIWJWyenLc5ToFQQMaSrqCHiLwyKPHKPQZ5zz21vM+vIVUSvsRpcbiECH4WR88K2XZqc4ScRcZ7nk/jbeA==",
			"license": "MIT"
		},
		"node_modules/vscode-languageserver-types": {
			"version": "3.17.5",
			"resolved": "https://registry.npmjs.org/vscode-languageserver-types/-/vscode-languageserver-types-3.17.5.tgz",
			"integrity": "sha512-Ld1VelNuX9pdF39h2Hgaeb5hEZM2Z3jUrrMgWQAu82jMtZp7p3vJT3BzToKtZI7NgQssZje5o0zryOrhQvzQAg==",
			"license": "MIT"
		},
		"node_modules/vscode-uri": {
			"version": "3.1.0",
			"resolved": "https://registry.npmjs.org/vscode-uri/-/vscode-uri-3.1.0.tgz",
			"integrity": "sha512-/BpdSx+yCQGnCvecbyXdxHDkuk55/G3xwnC0GqY4gmQ3j+A+g8kzzgB4Nk/SINjqn6+waqw3EgbVF2QKExkRxQ==",
			"license": "MIT"
		},
		"node_modules/wrap-ansi": {
			"version": "9.0.2",
			"resolved": "https://registry.npmjs.org/wrap-ansi/-/wrap-ansi-9.0.2.tgz",
			"integrity": "sha512-42AtmgqjV+X1VpdOfyTGOYRi0/zsoLqtXQckTmqTeybT+BDIbM/Guxo7x3pE2vtpr1ok6xRqM9OpBe+Jyoqyww==",
			"license": "MIT",
			"dependencies": {
				"ansi-styles": "^6.2.1",
				"string-width": "^7.0.0",
				"strip-ansi": "^7.1.0"
			},
			"engines": {
				"node": ">=18"
			},
			"funding": {
				"url": "https://github.com/chalk/wrap-ansi?sponsor=1"
			}
		},
		"node_modules/wrap-ansi/node_modules/string-width": {
			"version": "7.2.0",
			"resolved": "https://registry.npmjs.org/string-width/-/string-width-7.2.0.tgz",
			"integrity": "sha512-tsaTIkKW9b4N+AEj+SVA+WhJzV7/zMhcSu78mLKWSk7cXMOSHsBKFWUs0fWwq8QyK3MgJBQRX6Gbi4kYbdvGkQ==",
			"license": "MIT",
			"dependencies": {
				"emoji-regex": "^10.3.0",
				"get-east-asian-width": "^1.0.0",
				"strip-ansi": "^7.1.0"
			},
			"engines": {
				"node": ">=18"
			},
			"funding": {
				"url": "https://github.com/sponsors/sindresorhus"
			}
		},
		"node_modules/y18n": {
			"version": "5.0.8",
			"resolved": "https://registry.npmjs.org/y18n/-/y18n-5.0.8.tgz",
			"integrity": "sha512-0pfFzegeDWJHJIAmTLRP2DwHjdF5s7jo9tuztdQxAhINCdvS+3nGINqPd00AphqJR/0LhANUS6/+7SCb98YOfA==",
			"engines": {
				"node": ">=10"
			}
		},
		"node_modules/yargs": {
			"version": "18.1.0",
			"resolved": "https://registry.npmjs.org/yargs/-/yargs-18.1.0.tgz",
			"integrity": "sha512-2rAgRKu54VsHkqI0/tYkmluGXHD4KW7yZoycuqDQ15QOTnc2VVfy0nN/1eMhnQLO00A+dwtK20xuCnc1YGeUyg==",
			"license": "MIT",
			"dependencies": {
				"cliui": "^9.0.1",
				"escalade": "^3.1.1",
				"get-caller-file": "^2.0.5",
				"string-width": "^8.2.1",
				"y18n": "^5.0.5",
				"yargs-parser": "^22.0.0"
			},
			"engines": {
				"node": "^20.19.0 || ^22.12.0 || >=23"
			}
		},
		"node_modules/yargs-parser": {
			"version": "22.0.0",
			"resolved": "https://registry.npmjs.org/yargs-parser/-/yargs-parser-22.0.0.tgz",
			"integrity": "sha512-rwu/ClNdSMpkSrUb+d6BRsSkLUq1fmfsY6TOpYzTwvwkg1/NRG85KBy3kq++A8LKQwX6lsu+aWad+2khvuXrqw==",
			"license": "ISC",
			"engines": {
				"node": "^20.19.0 || ^22.12.0 || >=23"
			}
		}
	},
	"dependencies": {
		"@types/better-sqlite3": {
			"version": "7.6.13",
			"resolved": "https://registry.npmjs.org/@types/better-sqlite3/-/better-sqlite3-7.6.13.tgz",
			"integrity": "sha512-NMv9ASNARoKksWtsq/SHakpYAYnhBrQgGD8zkLYk/jaK8jUGn08CfEdTRgYhMypUQAfzSP8W6gNLe0q19/t4VA==",
			"dev": true,
			"requires": {
				"@types/node": "*"
			}
		},
		"@types/node": {
			"version": "22.19.15",
			"resolved": "https://registry.npmjs.org/@types/node/-/node-22.19.15.tgz",
			"integrity": "sha512-F0R/h2+dsy5wJAUe3tAU6oqa2qbWY5TpNfL/RGmo1y38hiyO1w3x2jPtt76wmuaJI4DQnOBu21cNXQ2STIUUWg==",
			"dev": true,
			"requires": {
				"undici-types": "~6.21.0"
			}
		},
		"ansi-regex": {
			"version": "6.3.0",
			"resolved": "https://registry.npmjs.org/ansi-regex/-/ansi-regex-6.3.0.tgz",
			"integrity": "sha512-WpDfL7NO6j7tH88IDBNVdUJxDh9nmCteAVW9dsep846XdwF4naCBK+/tGLX3KJgcpgMRXCFlTM2hKGoK9FsdrQ=="
		},
		"ansi-styles": {
			"version": "6.2.3",
			"resolved": "https://registry.npmjs.org/ansi-styles/-/ansi-styles-6.2.3.tgz",
			"integrity": "sha512-4Dj6M28JB+oAH8kFkTLUo+a2jwOFkuqb3yucU0CANcRRUbxS0cP0nZYCGjcc3BNXwRIsUVmDGgzawme7zvJHvg=="
		},
		"better-sqlite3": {
			"version": "13.0.3",
			"resolved": "https://registry.npmjs.org/better-sqlite3/-/better-sqlite3-13.0.3.tgz",
			"integrity": "sha512-RbOBxmLBG8uvFUc15X9+9SFemKcQ0WBuISBVkpuiaUB2qblC8UWlHEjdWVoZ8AdhSwmoEgsiXKfopX0CQxaACQ==",
			"requires": {
				"node-addon-api": "^8.0.0"
			}
		},
		"cliui": {
			"version": "9.0.1",
			"resolved": "https://registry.npmjs.org/cliui/-/cliui-9.0.1.tgz",
			"integrity": "sha512-k7ndgKhwoQveBL+/1tqGJYNz097I7WOvwbmmU2AR5+magtbjPWQTS1C5vzGkBC8Ym8UWRzfKUzUUqFLypY4Q+w==",
			"requires": {
				"string-width": "^7.2.0",
				"strip-ansi": "^7.1.0",
				"wrap-ansi": "^9.0.0"
			},
			"dependencies": {
				"string-width": {
					"version": "7.2.0",
					"resolved": "https://registry.npmjs.org/string-width/-/string-width-7.2.0.tgz",
					"integrity": "sha512-tsaTIkKW9b4N+AEj+SVA+WhJzV7/zMhcSu78mLKWSk7cXMOSHsBKFWUs0fWwq8QyK3MgJBQRX6Gbi4kYbdvGkQ==",
					"requires": {
						"emoji-regex": "^10.3.0",
						"get-east-asian-width": "^1.0.0",
						"strip-ansi": "^7.1.0"
					}
				}
			}
		},
		"emoji-regex": {
			"version": "10.6.0",
			"resolved": "https://registry.npmjs.org/emoji-regex/-/emoji-regex-10.6.0.tgz",
			"integrity": "sha512-toUI84YS5YmxW219erniWD0CIVOo46xGKColeNQRgOzDorgBi1v4D71/OFzgD9GO2UGKIv1C3Sp8DAn0+j5w7A=="
		},
		"escalade": {
			"version": "3.1.1",
			"resolved": "https://registry.npmjs.org/escalade/-/escalade-3.1.1.tgz",
			"integrity": "sha512-k0er2gUkLf8O0zKJiAhmkTnJlTvINGv7ygDNPbeIsX/TJjGJZHuh9B2UxbsaEkmlEo9MfhrSzmhIlhRlI2GXnw=="
		},
		"get-caller-file": {
			"version": "2.0.5",
			"resolved": "https://registry.npmjs.org/get-caller-file/-/get-caller-file-2.0.5.tgz",
			"integrity": "sha512-DyFP3BM/3YHTQOCUL/w0OZHR0lpKeGrxotcHWcqNEdnltqFwXVfhEBQ94eIo34AfQpo0rGki4cyIiftY06h2Fg=="
		},
		"get-east-asian-width": {
			"version": "1.6.0",
			"resolved": "https://registry.npmjs.org/get-east-asian-width/-/get-east-asian-width-1.6.0.tgz",
			"integrity": "sha512-QRbvDIbx6YklUe6RxeTeleMR0yv3cYH6PsPZHcnVn7xv7zO1BHN8r0XETu8n6Ye3Q+ahtSarc3WgtNWmehIBfA=="
		},
		"lsif-protocol": {
			"version": "0.6.0-next.7",
			"resolved": "https://registry.npmjs.org/lsif-protocol/-/lsif-protocol-0.6.0-next.7.tgz",
			"integrity": "sha512-P67czn1sCa4EhEFlRJWabieHB2poIuRHRO06mR5lLsTk0HqMrbM9McJaXlAJwOMylaxZ0HPpHrT9ij9BA4tzyw==",
			"requires": {
				"vscode-languageserver-protocol": "^3.16.0"
			}
		},
		"node-addon-api": {
			"version": "8.9.2",
			"resolved": "https://registry.npmjs.org/node-addon-api/-/node-addon-api-8.9.2.tgz",
			"integrity": "sha512-VijLXbi3UACN69I0JVXJsX4tjACjNoQDgv2gTF6sx2wWEi8tkSg2eX8p5gSIFi8z2+DL3oHmY6OyKce38SDolg=="
		},
		"string-width": {
			"version": "8.2.2",
			"resolved": "https://registry.npmjs.org/string-width/-/string-width-8.2.2.tgz",
			"integrity": "sha512-GaPUh5gfdrYzqeVNZvUfT23vYYxXzKYidUcnMtJg/3rxRV63EFZy3k6xfKlmfeJD0176lnUV/Usr3XcwSvFzpg==",
			"requires": {
				"get-east-asian-width": "^1.5.0",
				"strip-ansi": "^7.1.2"
			}
		},
		"strip-ansi": {
			"version": "7.2.0",
			"resolved": "https://registry.npmjs.org/strip-ansi/-/strip-ansi-7.2.0.tgz",
			"integrity": "sha512-yDPMNjp4WyfYBkHnjIRLfca1i6KMyGCtsVgoKe/z1+6vukgaENdgGBZt+ZmKPc4gavvEZ5OgHfHdrazhgNyG7w==",
			"requires": {
				"ansi-regex": "^6.2.2"
			}
		},
		"undici-types": {
			"version": "6.21.0",
			"resolved": "https://registry.npmjs.org/undici-types/-/undici-types-6.21.0.tgz",
			"integrity": "sha512-iwDZqg0QAGrg9Rav5H4n0M64c3mkR59cJ6wQp+7C4nI0gsmExaedaYLNO44eT4AtBBwjbTiGPMlt2Md0T9H9JQ==",
			"dev": true
		},
		"vscode-jsonrpc": {
			"version": "6.0.0",
			"resolved": "https://registry.npmjs.org/vscode-jsonrpc/-/vscode-jsonrpc-6.0.0.tgz",
			"integrity": "sha512-wnJA4BnEjOSyFMvjZdpiOwhSq9uDoK8e/kpRJDTaMYzwlkrhG1fwDIZI94CLsLzlCK5cIbMMtFlJlfR57Lavmg=="
		},
		"vscode-languageserver-protocol": {
			"version": "3.16.0",
			"resolved": "https://registry.npmjs.org/vscode-languageserver-protocol/-/vscode-languageserver-protocol-3.16.0.tgz",
			"integrity": "sha512-sdeUoAawceQdgIfTI+sdcwkiK2KU+2cbEYA0agzM2uqaUy2UpnnGHtWTHVEtS0ES4zHU0eMFRGN+oQgDxlD66A==",
			"requires": {
				"vscode-jsonrpc": "6.0.0",
				"vscode-languageserver-types": "3.16.0"
			},
			"dependencies": {
				"vscode-languageserver-types": {
					"version": "3.16.0",
					"resolved": "https://registry.npmjs.org/vscode-languageserver-types/-/vscode-languageserver-types-3.16.0.tgz",
					"integrity": "sha512-k8luDIWJWyenLc5ToFQQMaSrqCHiLwyKPHKPQZ5zz21vM+vIVUSvsRpcbiECH4WR88K2XZqc4ScRcZ7nk/jbeA=="
				}
			}
		},
		"vscode-languageserver-types": {
			"version": "3.17.5",
			"resolved": "https://registry.npmjs.org/vscode-languageserver-types/-/vscode-languageserver-types-3.17.5.tgz",
			"integrity": "sha512-Ld1VelNuX9pdF39h2Hgaeb5hEZM2Z3jUrrMgWQAu82jMtZp7p3vJT3BzToKtZI7NgQssZje5o0zryOrhQvzQAg=="
		},
		"vscode-uri": {
			"version": "3.1.0",
			"resolved": "https://registry.npmjs.org/vscode-uri/-/vscode-uri-3.1.0.tgz",
			"integrity": "sha512-/BpdSx+yCQGnCvecbyXdxHDkuk55/G3xwnC0GqY4gmQ3j+A+g8kzzgB4Nk/SINjqn6+waqw3EgbVF2QKExkRxQ=="
		},
		"wrap-ansi": {
			"version": "9.0.2",
			"resolved": "https://registry.npmjs.org/wrap-ansi/-/wrap-ansi-9.0.2.tgz",
			"integrity": "sha512-42AtmgqjV+X1VpdOfyTGOYRi0/zsoLqtXQckTmqTeybT+BDIbM/Guxo7x3pE2vtpr1ok6xRqM9OpBe+Jyoqyww==",
			"requires": {
				"ansi-styles": "^6.2.1",
				"string-width": "^7.0.0",
				"strip-ansi": "^7.1.0"
			},
			"dependencies": {
				"string-width": {
					"version": "7.2.0",
					"resolved": "https://registry.npmjs.org/string-width/-/string-width-7.2.0.tgz",
					"integrity": "sha512-tsaTIkKW9b4N+AEj+SVA+WhJzV7/zMhcSu78mLKWSk7cXMOSHsBKFWUs0fWwq8QyK3MgJBQRX6Gbi4kYbdvGkQ==",
					"requires": {
						"emoji-regex": "^10.3.0",
						"get-east-asian-width": "^1.0.0",
						"strip-ansi": "^7.1.0"
					}
				}
			}
		},
		"y18n": {
			"version": "5.0.8",
			"resolved": "https://registry.npmjs.org/y18n/-/y18n-5.0.8.tgz",
			"integrity": "sha512-0pfFzegeDWJHJIAmTLRP2DwHjdF5s7jo9tuztdQxAhINCdvS+3nGINqPd00AphqJR/0LhANUS6/+7SCb98YOfA=="
		},
		"yargs": {
			"version": "18.1.0",
			"resolved": "https://registry.npmjs.org/yargs/-/yargs-18.1.0.tgz",
			"integrity": "sha512-2rAgRKu54VsHkqI0/tYkmluGXHD4KW7yZoycuqDQ15QOTnc2VVfy0nN/1eMhnQLO00A+dwtK20xuCnc1YGeUyg==",
			"requires": {
				"cliui": "^9.0.1",
				"escalade": "^3.1.1",
				"get-caller-file": "^2.0.5",
				"string-width": "^8.2.1",
				"y18n": "^5.0.5",
				"yargs-parser": "^22.0.0"
			}
		},
		"yargs-parser": {
			"version": "22.0.0",
			"resolved": "https://registry.npmjs.org/yargs-parser/-/yargs-parser-22.0.0.tgz",
			"integrity": "sha512-rwu/ClNdSMpkSrUb+d6BRsSkLUq1fmfsY6TOpYzTwvwkg1/NRG85KBy3kq++A8LKQwX6lsu+aWad+2khvuXrqw=="
		}
	}
}
