{
	"name": "@vscode/lsif-language-service",
	"version": "0.1.0-pre.4",
	"lockfileVersion": 3,
	"requires": true,
	"packages": {
		"": {
			"name": "@vscode/lsif-language-service",
			"version": "0.1.0-pre.4",
			"license": "MIT",
			"dependencies": {
				"@vscode/lsif-protocol": "0.6.0-next.9",
				"semver": "^7.8.5",
				"vscode-uri": "^3.1.0"
			},
			"devDependencies": {
				"@types/mocha": "^10.0.10",
				"@types/node": "24.1.0",
				"@types/semver": "^7.8.0"
			},
			"engines": {
				"node": ">=22"
			}
		},
		"node_modules/@types/mocha": {
			"version": "10.0.10",
			"resolved": "https://registry.npmjs.org/@types/mocha/-/mocha-10.0.10.tgz",
			"integrity": "sha512-xPyYSz1cMPnJQhl0CLMH68j3gprKZaTjG3s5Vi+fDgx+uhG9NOXwbVt52eFS8ECyXhyKcjDLCBEqBExKuiZb7Q==",
			"dev": true,
			"license": "MIT"
		},
		"node_modules/@types/node": {
			"version": "24.1.0",
			"resolved": "https://registry.npmjs.org/@types/node/-/node-24.1.0.tgz",
			"integrity": "sha512-ut5FthK5moxFKH2T1CUOC6ctR67rQRvvHdFLCD2Ql6KXmMuCrjsSsRI9UsLCm9M18BMwClv4pn327UvB7eeO1w==",
			"dev": true,
			"license": "MIT",
			"dependencies": {
				"undici-types": "~7.8.0"
			}
		},
		"node_modules/@types/semver": {
			"version": "7.8.0",
			"resolved": "https://registry.npmjs.org/@types/semver/-/semver-7.8.0.tgz",
			"integrity": "sha512-1mAINjtQCXXeLkJ9ehXkwOcBpqtLxiVtKhpUf83DdRNdQKV0iXZpaHYqRr7nj+wvxuJzoAmAwXI+sCNMv1CzLQ==",
			"dev": true,
			"license": "MIT"
		},
		"node_modules/@vscode/lsif-protocol": {
			"version": "0.6.0-next.9",
			"resolved": "https://registry.npmjs.org/@vscode/lsif-protocol/-/lsif-protocol-0.6.0-next.9.tgz",
			"integrity": "sha512-+0GpE8QzbfiwgIQ7kY1D8BO+TPZB0OwYIk03B1ByNV7VrxD+P923Mxp8uag2H2fvAs9GVGpmeewPczheOT1S6w==",
			"dependencies": {
				"vscode-languageserver-types": "^3.17.5"
			},
			"engines": {
				"node": ">=20.9.0"
			}
		},
		"node_modules/semver": {
			"version": "7.8.5",
			"resolved": "https://registry.npmjs.org/semver/-/semver-7.8.5.tgz",
			"integrity": "sha512-Y7/KDsb8LjooZpwaqGyulO6DQlksgCncchHGk+sZIY4SBvUocMBEFH5Ur1fI4dV+Jvl0w6cjvucaIi40puRioA==",
			"license": "ISC",
			"bin": {
				"semver": "bin/semver.js"
			},
			"engines": {
				"node": ">=10"
			}
		},
		"node_modules/undici-types": {
			"version": "7.8.0",
			"resolved": "https://registry.npmjs.org/undici-types/-/undici-types-7.8.0.tgz",
			"integrity": "sha512-9UJ2xGDvQ43tYyVMpuHlsgApydB8ZKfVYTsLDhXkFL/6gfkp+U8xTGdh8pMJv1SpZna0zxG1DwsKZsreLbXBxw==",
			"dev": true,
			"license": "MIT"
		},
		"node_modules/vscode-languageserver-types": {
			"version": "3.17.5",
			"resolved": "https://registry.npmjs.org/vscode-languageserver-types/-/vscode-languageserver-types-3.17.5.tgz",
			"integrity": "sha512-Ld1VelNuX9pdF39h2Hgaeb5hEZM2Z3jUrrMgWQAu82jMtZp7p3vJT3BzToKtZI7NgQssZje5o0zryOrhQvzQAg==",
			"license": "MIT"
		},
		"node_modules/vscode-uri": {
			"version": "3.1.0",
			"resolved": "https://registry.npmjs.org/vscode-uri/-/vscode-uri-3.1.0.tgz",
			"integrity": "sha512-/BpdSx+yCQGnCvecbyXdxHDkuk55/G3xwnC0GqY4gmQ3j+A+g8kzzgB4Nk/SINjqn6+waqw3EgbVF2QKExkRxQ==",
			"license": "MIT"
		}
	}
}
