{
  "name": "lsif-ts-sample",
  "version": "1.0.0",
  "lockfileVersion": 1,
  "requires": true,
  "dependencies": {
    "@types/is": {
      "version": "0.0.21",
      "resolved": "https://registry.npmjs.org/@types/is/-/is-0.0.21.tgz",
      "integrity": "sha512-j2v73mj4I47lOaA8r+5tknsgsqlRPDN224sS0Y7ORzlx3AXxqL6RhK/BRhEMP98RJIVW7WTnXZ9ZqQSNdWWuwg==",
      "dev": true
    },
    "is": {
      "version": "3.2.1",
      "resolved": "https://registry.npmjs.org/is/-/is-3.2.1.tgz",
      "integrity": "sha1-0Kwq1V63sL7JJqUmb2xmKqqD3KU="
    },
    "mobx": {
      "version": "5.6.0",
      "resolved": "https://registry.npmjs.org/mobx/-/mobx-5.6.0.tgz",
      "integrity": "sha512-xrA0tBnSMANXCDjS2W/6YTasesA8mkg9o+v/Bw/OcbXaRVE6/soVwDMWIh7A6TwMDY4tYQprQJZ5WQN1TRSb3A=="
    }
  }
}
