{
	"name": "lsif-npm",
	"version": "0.2.3",
	"lockfileVersion": 1,
	"requires": true,
	"dependencies": {
		"@types/minimist": {
			"version": "1.2.0",
			"resolved": "http://registry.npmjs.org/@types/minimist/-/minimist-1.2.0.tgz",
			"integrity": "sha1-aaI6OtKcrwCX8G7aWbNh7i8GOfY=",
			"dev": true
		},
		"@types/node": {
			"version": "10.12.10",
			"resolved": "https://registry.npmjs.org/@types/node/-/node-10.12.10.tgz",
			"integrity": "sha512-8xZEYckCbUVgK8Eg7lf5Iy4COKJ5uXlnIOnePN0WUwSQggy9tolM+tDJf7wMOnT/JT/W9xDYIaYggt3mRV2O5w==",
			"dev": true
		},
		"@types/uuid": {
			"version": "3.4.4",
			"resolved": "https://registry.npmjs.org/@types/uuid/-/uuid-3.4.4.tgz",
			"integrity": "sha512-tPIgT0GUmdJQNSHxp0X2jnpQfBSTfGxUMc/2CXBU2mnyTFVYVa2ojpoQ74w0U2yn2vw3jnC640+77lkFFpdVDw==",
			"dev": true,
			"requires": {
				"@types/node": "*"
			}
		},
		"lsif-protocol": {
			"version": "0.2.1",
			"resolved": "https://registry.npmjs.org/lsif-protocol/-/lsif-protocol-0.2.1.tgz",
			"integrity": "sha512-ilyGFwf4OPe8RE+t3rMSAAQWaUs1iLevyeR7ulylFzl7GkwdFke4tuIQIhnGE1UWcCE8kJwurRyKxSIl588XNQ==",
			"requires": {
				"vscode-languageserver-protocol": "^3.14.0"
			},
			"dependencies": {
				"vscode-jsonrpc": {
					"version": "4.0.0",
					"resolved": "https://registry.npmjs.org/vscode-jsonrpc/-/vscode-jsonrpc-4.0.0.tgz",
					"integrity": "sha512-perEnXQdQOJMTDFNv+UF3h1Y0z4iSiaN9jIlb0OqIYgosPCZGYh/MCUlkFtV2668PL69lRDO32hmvL2yiidUYg=="
				},
				"vscode-languageserver-protocol": {
					"version": "3.14.1",
					"resolved": "https://registry.npmjs.org/vscode-languageserver-protocol/-/vscode-languageserver-protocol-3.14.1.tgz",
					"integrity": "sha512-IL66BLb2g20uIKog5Y2dQ0IiigW0XKrvmWiOvc0yXw80z3tMEzEnHjaGAb3ENuU7MnQqgnYJ1Cl2l9RvNgDi4g==",
					"requires": {
						"vscode-jsonrpc": "^4.0.0",
						"vscode-languageserver-types": "3.14.0"
					}
				},
				"vscode-languageserver-types": {
					"version": "3.14.0",
					"resolved": "https://registry.npmjs.org/vscode-languageserver-types/-/vscode-languageserver-types-3.14.0.tgz",
					"integrity": "sha512-lTmS6AlAlMHOvPQemVwo3CezxBp0sNB95KNPkqp3Nxd5VFEnuG1ByM0zlRWos0zjO3ZWtkvhal0COgiV1xIA4A=="
				}
			}
		},
		"lsif-tsc": {
			"version": "0.2.3",
			"resolved": "https://registry.npmjs.org/lsif-tsc/-/lsif-tsc-0.2.3.tgz",
			"integrity": "sha512-Z960XsbTZv5oHqnnpHS6VcQdiWepAIfkXzVnocID5I7K3Ur1T2GkYi0FFGCbktT78snAYgdEvwcg0QOTSqlASA==",
			"requires": {
				"lsif-protocol": "0.2.1",
				"minimist": "^1.2.0",
				"typescript": "^3.3.4000",
				"uuid": "^3.3.2",
				"vscode-uri": "^1.0.6"
			}
		},
		"minimist": {
			"version": "1.2.0",
			"resolved": "http://registry.npmjs.org/minimist/-/minimist-1.2.0.tgz",
			"integrity": "sha1-o1AIsg9BOD7sH7kU9M1d95omQoQ="
		},
		"typescript": {
			"version": "3.3.4000",
			"resolved": "https://registry.npmjs.org/typescript/-/typescript-3.3.4000.tgz",
			"integrity": "sha512-jjOcCZvpkl2+z7JFn0yBOoLQyLoIkNZAs/fYJkUG6VKy6zLPHJGfQJYFHzibB6GJaF/8QrcECtlQ5cpvRHSMEA=="
		},
		"uuid": {
			"version": "3.3.2",
			"resolved": "https://registry.npmjs.org/uuid/-/uuid-3.3.2.tgz",
			"integrity": "sha512-yXJmeNaw3DnnKAOKJE51sL/ZaYfWJRl1pK9dr19YFCu0ObS231AB1/LbqTKRAQ5kw8A90rA6fr4riOUpTZvQZA=="
		},
		"vscode-uri": {
			"version": "1.0.6",
			"resolved": "https://registry.npmjs.org/vscode-uri/-/vscode-uri-1.0.6.tgz",
			"integrity": "sha512-sLI2L0uGov3wKVb9EB+vIQBl9tVP90nqRvxSoJ35vI3NjxE8jfsE5DSOhWgSunHSZmKS4OCi2jrtfxK7uyp2ww=="
		}
	}
}
